// !$*UTF8*$!
{
	archiveVersion = 1;
	classes = {
	};
	objectVersion = 77;
	objects = {

/* Begin PBXBuildFile section */
		073FEBF429432FC3EEB1FB7E /* mediaremote-adapter.pl in Resources */ = {isa = PBXBuildFile; fileRef = D6222E97003C8B52CDA01AC5 /* mediaremote-adapter.pl */; };
		0AA2269E81CA671E2D69789B /* VideoDropScanner.swift in Sources */ = {isa = PBXBuildFile; fileRef = 8773562D010CDF53A5BA5E05 /* VideoDropScanner.swift */; };
		124237D48C2EE8F82DB19219 /* ArtworkColor.swift in Sources */ = {isa = PBXBuildFile; fileRef = FFE9F98DD0466F3F85A6C518 /* ArtworkColor.swift */; };
		176305FF71A81155D7870BB8 /* LockScreenWatcher.swift in Sources */ = {isa = PBXBuildFile; fileRef = ED59E2B0BEB4430FCC7DAA77 /* LockScreenWatcher.swift */; };
		197ACDAD565CEADD4DE5CA9D /* OnboardingWindow.swift in Sources */ = {isa = PBXBuildFile; fileRef = 869518CDF64A1DFBB3C6A816 /* OnboardingWindow.swift */; };
		1AE947839F28E030B4FA584D /* DatabaseTests.swift in Sources */ = {isa = PBXBuildFile; fileRef = FE95BFBB47BCAF71BB996C85 /* DatabaseTests.swift */; };
		1C52CBB7DF2FD3BB973C7D95 /* URLExtractorTests.swift in Sources */ = {isa = PBXBuildFile; fileRef = 69D66C89AC7844C3B8E10CBD /* URLExtractorTests.swift */; };
		1DF8B62179AB9D609E2640E6 /* Animations.swift in Sources */ = {isa = PBXBuildFile; fileRef = 52506B59D6695A520BAEC7B9 /* Animations.swift */; };
		1EECA97959A0C8077E2AAB25 /* ProgressiveBlurView.swift in Sources */ = {isa = PBXBuildFile; fileRef = 47113989466682E4EF2E7CD4 /* ProgressiveBlurView.swift */; };
		20734AD228F94CD69FCC0C0E /* CelebrateIfRecent.swift in Sources */ = {isa = PBXBuildFile; fileRef = C97BC580878C88D99FE7AB2F /* CelebrateIfRecent.swift */; };
		21B320683C749872644B6B1A /* OnboardingView.swift in Sources */ = {isa = PBXBuildFile; fileRef = DC413C8739634F519E4E392A /* OnboardingView.swift */; };
		2346BB0C644C07845394E2BD /* LiquidGlassView.swift in Sources */ = {isa = PBXBuildFile; fileRef = F93FDA7A3F7DFBCF2EDB4A10 /* LiquidGlassView.swift */; };
		2376F54DE78018E8CEA6E216 /* SwipeGesturePolicyTests.swift in Sources */ = {isa = PBXBuildFile; fileRef = B6DB779CE93CC3BD87E1AA7B /* SwipeGesturePolicyTests.swift */; };
		2392E7D0307561B283550D39 /* RetentionServiceTests.swift in Sources */ = {isa = PBXBuildFile; fileRef = 7C727DFD4A4E2C994662FBCD /* RetentionServiceTests.swift */; };
		251BAF64E160A858D45552CE /* MarkdownTextEditor.swift in Sources */ = {isa = PBXBuildFile; fileRef = C97CDA86F6ECA5B63928EBC6 /* MarkdownTextEditor.swift */; };
		256A0AED9F319A7E21DAB17A /* LockMusicCardWindow.swift in Sources */ = {isa = PBXBuildFile; fileRef = 28DD915C8DAF5516CFA60ECD /* LockMusicCardWindow.swift */; };
		29BFEF9F7B7F1D05891A1FCF /* WallpaperBackdrop.swift in Sources */ = {isa = PBXBuildFile; fileRef = 0E34CFE45F822563424B45CA /* WallpaperBackdrop.swift */; };
		2A3E5F59B43C598866A4D112 /* SystemAudioWatcher.swift in Sources */ = {isa = PBXBuildFile; fileRef = B84F72E6A964E7C5AAB939D5 /* SystemAudioWatcher.swift */; };
		2A4069BD9939F9C50685EC10 /* ChargingPillView.swift in Sources */ = {isa = PBXBuildFile; fileRef = 11E8C7CA7D68E76823EDE14B /* ChargingPillView.swift */; };
		2B531DBFBCF834B5DB23439C /* AirDropWatcher.swift in Sources */ = {isa = PBXBuildFile; fileRef = A0F3E921997B51884CEAE8A2 /* AirDropWatcher.swift */; };
		2D18EAD4998253D3AF5370D2 /* MenuBarController.swift in Sources */ = {isa = PBXBuildFile; fileRef = 63B76AECA95EFB795B29131D /* MenuBarController.swift */; };
		2DBA51458A701FC6847E2501 /* ClipboardRouterTests.swift in Sources */ = {isa = PBXBuildFile; fileRef = 464313FF8BD4A8F6E817F33E /* ClipboardRouterTests.swift */; };
		31028C6DBDCCD15C6178C005 /* ThumbnailCache.swift in Sources */ = {isa = PBXBuildFile; fileRef = D17F08D84C04BB94F7E8254D /* ThumbnailCache.swift */; };
		31A8654F476EE3A073A1EE8D /* AppDelegate.swift in Sources */ = {isa = PBXBuildFile; fileRef = 7EB7784BF8F34942FA49CEF3 /* AppDelegate.swift */; };
		34B5998343653007912A518F /* DictationServiceTests.swift in Sources */ = {isa = PBXBuildFile; fileRef = B567B38180CCF6671C937237 /* DictationServiceTests.swift */; };
		35B4A484A4E1D7230530A7D0 /* RetentionService.swift in Sources */ = {isa = PBXBuildFile; fileRef = CB0296047884620F7222CFC0 /* RetentionService.swift */; };
		37378A6ABF6FF0A64E924EB5 /* URLExtractor.swift in Sources */ = {isa = PBXBuildFile; fileRef = 12E503C55E4AD3245A630B37 /* URLExtractor.swift */; };
		3EB8D6E02C178E831BFDF952 /* NotchHUDWindowController.swift in Sources */ = {isa = PBXBuildFile; fileRef = 8605292AC765458362A6F424 /* NotchHUDWindowController.swift */; };
		4004F64D59BC545EC1120C31 /* SwipeGesturePolicy.swift in Sources */ = {isa = PBXBuildFile; fileRef = 26E3F9549E940CE195C2A5F7 /* SwipeGesturePolicy.swift */; };
		410D5B9026793F2904738A4B /* QuickPasteRouterTests.swift in Sources */ = {isa = PBXBuildFile; fileRef = A5497B7A683A649575231482 /* QuickPasteRouterTests.swift */; };
		426F8F11BA6716078628C93E /* VideoStore.swift in Sources */ = {isa = PBXBuildFile; fileRef = 861767ACA113EC88F0692C97 /* VideoStore.swift */; };
		4A7DC03EAA1CB3BBC44D59D0 /* SoundEffectsPolicyTests.swift in Sources */ = {isa = PBXBuildFile; fileRef = A54865AB2235946458AB433D /* SoundEffectsPolicyTests.swift */; };
		4E42547CCEB204EE181E2B34 /* Models.swift in Sources */ = {isa = PBXBuildFile; fileRef = 717E181C1DF1BF1637911A32 /* Models.swift */; };
		5128C779ABEA0A6B40B3701C /* DictationPillView.swift in Sources */ = {isa = PBXBuildFile; fileRef = C896F1E795F01FD77D8AE30E /* DictationPillView.swift */; };
		5499A9601CB963C14FB01FD9 /* LocalWhisperService.swift in Sources */ = {isa = PBXBuildFile; fileRef = 2D0433C667BB1E97BF099E71 /* LocalWhisperService.swift */; };
		57CB3FF58705FAF285235AFA /* VideosGridView.swift in Sources */ = {isa = PBXBuildFile; fileRef = 98E3F8A6AFB9CFA5A2888105 /* VideosGridView.swift */; };
		5A21EE0001AABB001AABB001 /* Sparkle in Frameworks */ = {isa = PBXBuildFile; productRef = 5A21EE0002AABB002AABB002 /* Sparkle */; };
		WAVE0001A1B2C3D4E0001AAA /* Wave in Frameworks */ = {isa = PBXBuildFile; productRef = WAVE0002A1B2C3D4E0002BBB /* Wave */; };
		5C3B3FD9E4616938A9D93D0C /* LocalThumbnailView.swift in Sources */ = {isa = PBXBuildFile; fileRef = E90BD720CF17DAEB227F4B2C /* LocalThumbnailView.swift */; };
		5EC5EF6A866198545A06C4D4 /* TimerService.swift in Sources */ = {isa = PBXBuildFile; fileRef = 5F1E3E1BEEAFD3C78135FAA7 /* TimerService.swift */; };
		640131856A47354072120A76 /* FocusStatusService.swift in Sources */ = {isa = PBXBuildFile; fileRef = 4F2BCA1A49368682B2BD7E7D /* FocusStatusService.swift */; };
		64E1146E44882F7E940B0274 /* ClipboardService.swift in Sources */ = {isa = PBXBuildFile; fileRef = 1FB98CADB6E11EE3D5131617 /* ClipboardService.swift */; };
		65BE75628A3DC39F43A16DCA /* NotetakerTests.swift in Sources */ = {isa = PBXBuildFile; fileRef = F828A81402E3514A29BEF54D /* NotetakerTests.swift */; };
		6AC9A2A29ACC2D9E3FCF4D88 /* FileStoreTests.swift in Sources */ = {isa = PBXBuildFile; fileRef = 320F7CC71F4D1499360FD6D2 /* FileStoreTests.swift */; };
		6BA86429B58B72596A0D672C /* DictationService.swift in Sources */ = {isa = PBXBuildFile; fileRef = BA42DCD5596F06AAACD4CDE5 /* DictationService.swift */; };
		6BDA044D6CAD8855082E1541 /* ClipboardServiceTests.swift in Sources */ = {isa = PBXBuildFile; fileRef = 121C8981642F47441411BB1A /* ClipboardServiceTests.swift */; };
		6D25AA62E25D894370567DEB /* DictationVocabulary.swift in Sources */ = {isa = PBXBuildFile; fileRef = A8BEC3C148448F77B6540A1D /* DictationVocabulary.swift */; };
		70540AE9B8C62D4CA66E72E1 /* NotetakerApp.swift in Sources */ = {isa = PBXBuildFile; fileRef = 5373F33379AA02A7E5679328 /* NotetakerApp.swift */; };
		71043C7EA91BD371A6D45070 /* LinkPreviewService.swift in Sources */ = {isa = PBXBuildFile; fileRef = E36344E7EDB3D800D5D75C81 /* LinkPreviewService.swift */; };
		716A2C5BE1E45C55CF28EC5C /* HoverActivator.swift in Sources */ = {isa = PBXBuildFile; fileRef = BA4DFB7481EC57847B2A244A /* HoverActivator.swift */; };
		73CCADF6E5CEEFAE4AAA778A /* DictationOrchestrator.swift in Sources */ = {isa = PBXBuildFile; fileRef = A648675971060E65088D6431 /* DictationOrchestrator.swift */; };
		74432ACA7B7175E5CBF6CEC0 /* FocusGatingPolicyTests.swift in Sources */ = {isa = PBXBuildFile; fileRef = 1264A0D40B35EF70B89501F7 /* FocusGatingPolicyTests.swift */; };
		75250397E0F027E097C0D517 /* ArtworkCache.swift in Sources */ = {isa = PBXBuildFile; fileRef = 2D4C3A2DAAE3213444EE781E /* ArtworkCache.swift */; };
		7633A806C1D9674E27061185 /* HotkeyService.swift in Sources */ = {isa = PBXBuildFile; fileRef = 0C4728BB0F273F145E4D4DB2 /* HotkeyService.swift */; };
		77B704A862EB57DA5E0711D0 /* NoteStoreTests.swift in Sources */ = {isa = PBXBuildFile; fileRef = E97F851F210BDA6D7291F2C4 /* NoteStoreTests.swift */; };
		77B8B5813C759AAB081120D6 /* ImageOCRService.swift in Sources */ = {isa = PBXBuildFile; fileRef = B2114F9D66F7C2C0537F7F7E /* ImageOCRService.swift */; };
		7876B26DCDCCEC94003948CC /* ClipboardRouter.swift in Sources */ = {isa = PBXBuildFile; fileRef = 5EFF0F9F35088F54C400F6A7 /* ClipboardRouter.swift */; };
		7951DAC1A49DCD4A4DC661D5 /* AirDropService.swift in Sources */ = {isa = PBXBuildFile; fileRef = A40F4E58B373CE9234DC9696 /* AirDropService.swift */; };
		7D6E47C3ED69586885B190CC /* DictationRouter.swift in Sources */ = {isa = PBXBuildFile; fileRef = C4D95CDD3FF7B623707D6BE4 /* DictationRouter.swift */; };
		82DDE6EA7985D2F3965F0E71 /* AppEnvironment.swift in Sources */ = {isa = PBXBuildFile; fileRef = D4B1A65817F2DD32A78B84F4 /* AppEnvironment.swift */; };
		830D75EA827A4FF48657FD7A /* PerformanceProbe.swift in Sources */ = {isa = PBXBuildFile; fileRef = 97374BE114D342B88D720A4A /* PerformanceProbe.swift */; };
		83635AA9CA68E7CA34A6423F /* GRDB in Frameworks */ = {isa = PBXBuildFile; productRef = 17C000E0AB2B8576CD22086B /* GRDB */; };
		865FAA6676E30446E9FA367E /* PillArtworkLayerView.swift in Sources */ = {isa = PBXBuildFile; fileRef = F672E90E2FFC3279639071C1 /* PillArtworkLayerView.swift */; };
		8700FB67E5E6CF2643437CE5 /* LiquidGlass.metal in Sources */ = {isa = PBXBuildFile; fileRef = AB0C6249F53F126335E3007E /* LiquidGlass.metal */; };
		8F1E0C1C56B34BA5A69F027B /* ImagesGridView.swift in Sources */ = {isa = PBXBuildFile; fileRef = 903C4B5F7E59B2D22822B143 /* ImagesGridView.swift */; };
		94214AE0B58C2C5CB93DAD9B /* DictationRecorder.swift in Sources */ = {isa = PBXBuildFile; fileRef = 23137B87C33CCD23343DD8E7 /* DictationRecorder.swift */; };
		94C68DED0EA881E8B6221E04 /* LiquidGlass.swift in Sources */ = {isa = PBXBuildFile; fileRef = 6BED01A6318CC7BB6DECC1BF /* LiquidGlass.swift */; };
		98CC1D22A4E5FB7DCD046541 /* SoundEffectsService.swift in Sources */ = {isa = PBXBuildFile; fileRef = 8AAA9D8CB6C190D682E22E4B /* SoundEffectsService.swift */; };
		9BAF5EA26EBA659A88DB9369 /* QuickPasteRouter.swift in Sources */ = {isa = PBXBuildFile; fileRef = 0A9EC1A0C0928D65BA1DFF10 /* QuickPasteRouter.swift */; };
		9C4454DAB3490C57222008FC /* PanelWindowController.swift in Sources */ = {isa = PBXBuildFile; fileRef = A3F2B24F63B38FFB038957FF /* PanelWindowController.swift */; };
		9D35C0439FD8017C4E04AC49 /* WaveformPattern.swift in Sources */ = {isa = PBXBuildFile; fileRef = A026A82923F1EFA5603DB245 /* WaveformPattern.swift */; };
		9D6EDB2B2F294CBD9FA8ECFC /* PerformanceFrameStatsTests.swift in Sources */ = {isa = PBXBuildFile; fileRef = E179E461831849B5BF4D2C61 /* PerformanceFrameStatsTests.swift */; };
		A03C329E9EC0564F99966060 /* NotchSpaceManager.swift in Sources */ = {isa = PBXBuildFile; fileRef = FDD1644F617ACB89D33B0AFC /* NotchSpaceManager.swift */; };
		A1C755F02993CF170C67F3D9 /* VisualEffectBlur.swift in Sources */ = {isa = PBXBuildFile; fileRef = 49F3E930B53845768E94455B /* VisualEffectBlur.swift */; };
		A46458AD0F8C2134AE7B2430 /* MusicPanelView.swift in Sources */ = {isa = PBXBuildFile; fileRef = C7F1301544ED258BD8685CBC /* MusicPanelView.swift */; };
		A6D71054CF33678CA76FFBF2 /* SystemAudioMuter.swift in Sources */ = {isa = PBXBuildFile; fileRef = 17C6831B98A974263726998E /* SystemAudioMuter.swift */; };
		A7002471FBEA18FDA06E9933 /* WaveformView.swift in Sources */ = {isa = PBXBuildFile; fileRef = 1777434BD7BE29A5FB27D0BD /* WaveformView.swift */; };
		A9518BBFE8601B16A7F4B893 /* NoteStore.swift in Sources */ = {isa = PBXBuildFile; fileRef = DE8C4545B6EB30E073A8D77E /* NoteStore.swift */; };
		A9536CA4EE17C7CF54562EB9 /* MediaRemoteAdapterService.swift in Sources */ = {isa = PBXBuildFile; fileRef = C31BA8766D55CD5B624A2524 /* MediaRemoteAdapterService.swift */; };
		A9761E0D07D7B9244A40A158 /* SettingsWindow.swift in Sources */ = {isa = PBXBuildFile; fileRef = D7EE28A91D3862C54C913D98 /* SettingsWindow.swift */; };
		AA00CAFE0001SVW000000001 /* SystemVolumeWatcher.swift in Sources */ = {isa = PBXBuildFile; fileRef = AA00CAFE0002SVW000000002 /* SystemVolumeWatcher.swift */; };
		ABCE220794892E752DD6D3B1 /* NowPlayingPillView.swift in Sources */ = {isa = PBXBuildFile; fileRef = D5E0BED164D7AFFA6B737096 /* NowPlayingPillView.swift */; };
		APMV001A1B2C3D4E5F00001 /* AppMover.swift in Sources */ = {isa = PBXBuildFile; fileRef = APMV002A1B2C3D4E5F00002 /* AppMover.swift */; };
		B16464DEF3028FDC6FF850EB /* NotesListView.swift in Sources */ = {isa = PBXBuildFile; fileRef = 4AF23A9CA540FCB310042CA3 /* NotesListView.swift */; };
		B1B67D9C44CF3B54A6521D41 /* MediaRemoteAdapter.framework in Resources */ = {isa = PBXBuildFile; fileRef = 911068681947405C03A4623D /* MediaRemoteAdapter.framework */; };
		B3E37B3CBA9C92C1D08C7ACC /* HotKey in Frameworks */ = {isa = PBXBuildFile; productRef = C16A2E7CC8B24487D4795D88 /* HotKey */; };
		B43CD67A5223C11CCD653F9C /* FileStore.swift in Sources */ = {isa = PBXBuildFile; fileRef = 200887B134644E26FF57F8EE /* FileStore.swift */; };
		B725B8563E4AD5E3CA0092AB /* EmptyDropState.swift in Sources */ = {isa = PBXBuildFile; fileRef = 7555B3D22555F4A30E9EE016 /* EmptyDropState.swift */; };
		BACKDROP01A1B2C3D4E5F0001 /* BackdropController.swift in Sources */ = {isa = PBXBuildFile; fileRef = BACKDROP02A1B2C3D4E5F0002 /* BackdropController.swift */; };
		BD41AD52A5D114B6148B8E88 /* FilesGridView.swift in Sources */ = {isa = PBXBuildFile; fileRef = 5A0953091096C505095E8DD8 /* FilesGridView.swift */; };
		BE9C61D689F83C6E9399E285 /* BrowserURLService.swift in Sources */ = {isa = PBXBuildFile; fileRef = 1ECB7D8944E98E9980E33DAE /* BrowserURLService.swift */; };
		BEEC79429921AD66DFB2C84F /* VideoDownloader.swift in Sources */ = {isa = PBXBuildFile; fileRef = 105DAC9A68D37183682F6108 /* VideoDownloader.swift */; };
		BF5A801D2E36DECD75D4CADD /* BrowserMediaProbe.swift in Sources */ = {isa = PBXBuildFile; fileRef = E313771115CF99A1113AC90F /* BrowserMediaProbe.swift */; };
		BTDEV00001A1B2C3D4E5F001 /* BluetoothDeviceService.swift in Sources */ = {isa = PBXBuildFile; fileRef = BTDEV00002A1B2C3D4E5F002 /* BluetoothDeviceService.swift */; };
		BTROW00001A1B2C3D4E5F001 /* BluetoothBatteryRow.swift in Sources */ = {isa = PBXBuildFile; fileRef = BTROW00002A1B2C3D4E5F002 /* BluetoothBatteryRow.swift */; };
		C70A5360450254FB8A93100F /* ImageStore.swift in Sources */ = {isa = PBXBuildFile; fileRef = F6681424D04E755BA93A783D /* ImageStore.swift */; };
		CC0AB1B2C3D4E5F60123456A /* ClearConfirmOverlay.swift in Sources */ = {isa = PBXBuildFile; fileRef = CC0AB1B2C3D4E5F60123456B /* ClearConfirmOverlay.swift */; };
		CLNB1A2B3C4D5E6F70123456 /* CleanOnboardingView.swift in Sources */ = {isa = PBXBuildFile; fileRef = CLNF1A2B3C4D5E6F70123456 /* CleanOnboardingView.swift */; };
		CTP0AB1B2C3D4E5F60123456A /* CalendarTodayPane.swift in Sources */ = {isa = PBXBuildFile; fileRef = CTP0AB1B2C3D4E5F60123456B /* CalendarTodayPane.swift */; };
		D2F9770EBFC65B81DF03B823 /* Assets.xcassets in Resources */ = {isa = PBXBuildFile; fileRef = C23BC1CC4ACF47017EB87F7D /* Assets.xcassets */; };
		D4171E2B1CDA439E191E758C /* MediaRemoteService.swift in Sources */ = {isa = PBXBuildFile; fileRef = 00C5B5E090DF52C4555A5BE6 /* MediaRemoteService.swift */; };
		D61D1228591E36D78457CCB3 /* Typography.swift in Sources */ = {isa = PBXBuildFile; fileRef = 46AF7A62FF29F5DC6E5DF564 /* Typography.swift */; };
		DC2797E25CF433EC7D759CF0 /* DesignTokens.swift in Sources */ = {isa = PBXBuildFile; fileRef = E781D3811F8402916558BA31 /* DesignTokens.swift */; };
		DC55240346ACAEEBF428B17E /* ImageOCRServiceTests.swift in Sources */ = {isa = PBXBuildFile; fileRef = 867331DB44596A5B24B3FE8E /* ImageOCRServiceTests.swift */; };
		DC88E07E27734DDB1B3F9E22 /* MultiFileDragSource.swift in Sources */ = {isa = PBXBuildFile; fileRef = D047BF968A9B749E20E50F79 /* MultiFileDragSource.swift */; };
		DDC33CF7957A6FF0ED26CC71 /* GeminiSummaryService.swift in Sources */ = {isa = PBXBuildFile; fileRef = 3A0566892452659390B945A1 /* GeminiSummaryService.swift */; };
		DE75DAD4610F719015F5E67B /* VideoDropCatcher.swift in Sources */ = {isa = PBXBuildFile; fileRef = 79F90973BEE70B054C42DF17 /* VideoDropCatcher.swift */; };
		DE9A96A9ECA06362DB290C26 /* NoxAnimations.swift in Sources */ = {isa = PBXBuildFile; fileRef = 2B0AC611F7E9F488A9DF5FF4 /* NoxAnimations.swift */; };
		E08F5E053007F6E2E5EC75CF /* GeminiOCRService.swift in Sources */ = {isa = PBXBuildFile; fileRef = B23D80943D6C86B286870F3D /* GeminiOCRService.swift */; };
		E09C3518E71C3B03457FE220 /* PanelPresenter.swift in Sources */ = {isa = PBXBuildFile; fileRef = 41AC803B8A27F028933457CB /* PanelPresenter.swift */; };
		E418674FA029BAC44F847357 /* Database.swift in Sources */ = {isa = PBXBuildFile; fileRef = 56F0E884BA061699C7F2CB95 /* Database.swift */; };
		E50303E046B702C2890C02B9 /* NotchOrchestrator.swift in Sources */ = {isa = PBXBuildFile; fileRef = ED6E1C9240C3085DE78845B0 /* NotchOrchestrator.swift */; };
		EF5A0E85CB9FDA540373327C /* WhisperKit in Frameworks */ = {isa = PBXBuildFile; productRef = 325189C692EF7A0950D7EB97 /* WhisperKit */; };
		F06587A5DD26C878D18483CE /* DropPickerView.swift in Sources */ = {isa = PBXBuildFile; fileRef = 056F2083D14553EB2C3094AB /* DropPickerView.swift */; };
		F194E37B475B78DA73FECAC4 /* CalendarMonitorService.swift in Sources */ = {isa = PBXBuildFile; fileRef = 093DDA8096D13E59AB52F32F /* CalendarMonitorService.swift */; };
		F29805610AF256CD93788038 /* ImageStoreTests.swift in Sources */ = {isa = PBXBuildFile; fileRef = 4E9C789396FD99C877E0100E /* ImageStoreTests.swift */; };
		F3C6E32F2B2FCBE6DE98CE1E /* PanelRootView.swift in Sources */ = {isa = PBXBuildFile; fileRef = 72FB0A59ADBCDA4DC7FCB846 /* PanelRootView.swift */; };
		F488CEA3785F39685B330270 /* DictationPasteHelper.swift in Sources */ = {isa = PBXBuildFile; fileRef = 52A9278F762CE0169AD6F820 /* DictationPasteHelper.swift */; };
		F7E642499638A8FFFF5DAB75 /* PowerSourceWatcher.swift in Sources */ = {isa = PBXBuildFile; fileRef = 5D24E1670632A6E0A9B6AE18 /* PowerSourceWatcher.swift */; };
		F9810BE508DC97F818D9322E /* FocusGatingPolicy.swift in Sources */ = {isa = PBXBuildFile; fileRef = D96EA79C4A52EB55A23999C3 /* FocusGatingPolicy.swift */; };
		FCST01001A2B3C4D5E6F0123 /* FocusSessionTracker.swift in Sources */ = {isa = PBXBuildFile; fileRef = FCST02001A2B3C4D5E6F0123 /* FocusSessionTracker.swift */; };
		FCTIMSRV001A2B3C4D5 /* FocusTimerService.swift in Sources */ = {isa = PBXBuildFile; fileRef = FCTIMSRV002A2B3C4D5 /* FocusTimerService.swift */; };
		FOCBARIT0001A1B2C3D4E5F /* FocusStatusBarItem.swift in Sources */ = {isa = PBXBuildFile; fileRef = FOCBARIT0002A1B2C3D4E5F /* FocusStatusBarItem.swift */; };
		FSB101A1B2C3D4E5F022468A /* FocusShortcutBridge.swift in Sources */ = {isa = PBXBuildFile; fileRef = FSB201A1B2C3D4E5F022468B /* FocusShortcutBridge.swift */; };
		GCALSVC001A2B3C4D5 /* GoogleCalendarService.swift in Sources */ = {isa = PBXBuildFile; fileRef = GCALSVC002A2B3C4D5 /* GoogleCalendarService.swift */; };
		HAPTIC0001A1B2C3D4E5F0001 /* HapticFeedback.swift in Sources */ = {isa = PBXBuildFile; fileRef = HAPTIC0002A1B2C3D4E5F0002 /* HapticFeedback.swift */; };
		KEYCHAIN001A2B3C4D5 /* KeychainStore.swift in Sources */ = {isa = PBXBuildFile; fileRef = KEYCHAIN002A2B3C4D5 /* KeychainStore.swift */; };
		KSCAP000001A1B2C3D4E5 /* KeyShortcutCapture.swift in Sources */ = {isa = PBXBuildFile; fileRef = KSCAP000002A1B2C3D4E5 /* KeyShortcutCapture.swift */; };
		LNI0AB1B2C3D4E5F60123456A /* LockNotchIndicatorWindow.swift in Sources */ = {isa = PBXBuildFile; fileRef = LNI0AB1B2C3D4E5F60123456B /* LockNotchIndicatorWindow.swift */; };
		MEDIAKEY0001A1B2C3D4E5F0 /* MediaKeyInterceptor.swift in Sources */ = {isa = PBXBuildFile; fileRef = MEDIAKEY0002A1B2C3D4E5F0 /* MediaKeyInterceptor.swift */; };
		OAUTHCRED001A2B3C4D5 /* OAuthCredentials.swift in Sources */ = {isa = PBXBuildFile; fileRef = OAUTHCRED002A2B3C4D5 /* OAuthCredentials.swift */; };
		SECRETSWIFT001A2B3C4D5 /* Secrets.swift in Sources */ = {isa = PBXBuildFile; fileRef = SECRETSWIFT002A2B3C4D5 /* Secrets.swift */; };
		PILLMENU00A1B2C3D4E5F001 /* PillContextMenu.swift in Sources */ = {isa = PBXBuildFile; fileRef = PILLMENU00A1B2C3D4E5F002 /* PillContextMenu.swift */; };
		PILLMENU00A1B2C3D4E5F003 /* PillContextMenuPolicyTests.swift in Sources */ = {isa = PBXBuildFile; fileRef = PILLMENU00A1B2C3D4E5F004 /* PillContextMenuPolicyTests.swift */; };
		PKCE0001A2B3C4D5E6F /* PKCE.swift in Sources */ = {isa = PBXBuildFile; fileRef = PKCE0002A2B3C4D5E6F /* PKCE.swift */; };
		SCRSHARE0001A1B2C3D4E5F0 /* ScreenSharingPolicy.swift in Sources */ = {isa = PBXBuildFile; fileRef = SCRSHARE0002A1B2C3D4E5F0 /* ScreenSharingPolicy.swift */; };
		SCRSHOT00A1B2C3D4E5F0001 /* ScreenshotPillPolicy.swift in Sources */ = {isa = PBXBuildFile; fileRef = SCRSHOT00A1B2C3D4E5F0002 /* ScreenshotPillPolicy.swift */; };
		SCRSHOT00A1B2C3D4E5F0003 /* ScreenshotPillPolicyTests.swift in Sources */ = {isa = PBXBuildFile; fileRef = SCRSHOT00A1B2C3D4E5F0004 /* ScreenshotPillPolicyTests.swift */; };
		SCRSTORE0001A1B2C3D4E5 /* ScriptStore.swift in Sources */ = {isa = PBXBuildFile; fileRef = SCRSTORE0002A1B2C3D4E5 /* ScriptStore.swift */; };
		SCRVIEW00001A1B2C3D4E5 /* ScriptsView.swift in Sources */ = {isa = PBXBuildFile; fileRef = SCRVIEW00002A1B2C3D4E5 /* ScriptsView.swift */; };
		SECKEY00002A1B2C3D4E5F04 /* SecureKeyStore.swift in Sources */ = {isa = PBXBuildFile; fileRef = SECKEY00001A1B2C3D4E5F03 /* SecureKeyStore.swift */; };
		SPHERE001A1B2C3D4E5F60001 /* SphereVisualizer.swift in Sources */ = {isa = PBXBuildFile; fileRef = SPHERE002A1B2C3D4E5F60002 /* SphereVisualizer.swift */; };
		SPPILL000001A1B2C3D4E5 /* ScriptPreviewPill.swift in Sources */ = {isa = PBXBuildFile; fileRef = SPPILL000002A1B2C3D4E5 /* ScriptPreviewPill.swift */; };
		STSESSTRK001A2B3C4D5 /* StudySessionTracker.swift in Sources */ = {isa = PBXBuildFile; fileRef = STSESSTRK002A2B3C4D5 /* StudySessionTracker.swift */; };
		TIMPOLL00A1B2C3D4E5F0001 /* TimingPollPolicy.swift in Sources */ = {isa = PBXBuildFile; fileRef = TIMPOLL00A1B2C3D4E5F0002 /* TimingPollPolicy.swift */; };
		TIMPOLL00A1B2C3D4E5F0003 /* TimingPollPolicyTests.swift in Sources */ = {isa = PBXBuildFile; fileRef = TIMPOLL00A1B2C3D4E5F0004 /* TimingPollPolicyTests.swift */; };
		TPPILL000001A1B2C3D4E5 /* TeleprompterPillBody.swift in Sources */ = {isa = PBXBuildFile; fileRef = TPPILL000002A1B2C3D4E5 /* TeleprompterPillBody.swift */; };
		VCMPB001A1B2C3D4E5F00001 /* PopoutNoteWindow.swift in Sources */ = {isa = PBXBuildFile; fileRef = VCMPF001A1B2C3D4E5F00002 /* PopoutNoteWindow.swift */; };
/* End PBXBuildFile section */

/* Begin PBXContainerItemProxy section */
		599DEB86B71CC865550D0785 /* PBXContainerItemProxy */ = {
			isa = PBXContainerItemProxy;
			containerPortal = F05CDF2331B9BAC5FEDB68B6 /* Project object */;
			proxyType = 1;
			remoteGlobalIDString = 382FEDDB566F8547F30173DD;
			remoteInfo = Notetaker;
		};
/* End PBXContainerItemProxy section */

/* Begin PBXFileReference section */
		00C5B5E090DF52C4555A5BE6 /* MediaRemoteService.swift */ = {isa = PBXFileReference; lastKnownFileType = sourcecode.swift; path = MediaRemoteService.swift; sourceTree = "<group>"; };
		056F2083D14553EB2C3094AB /* DropPickerView.swift */ = {isa = PBXFileReference; includeInIndex = 1; lastKnownFileType = sourcecode.swift; path = DropPickerView.swift; sourceTree = "<group>"; };
		093DDA8096D13E59AB52F32F /* CalendarMonitorService.swift */ = {isa = PBXFileReference; includeInIndex = 1; lastKnownFileType = sourcecode.swift; path = CalendarMonitorService.swift; sourceTree = "<group>"; };
		0A9EC1A0C0928D65BA1DFF10 /* QuickPasteRouter.swift */ = {isa = PBXFileReference; lastKnownFileType = sourcecode.swift; path = QuickPasteRouter.swift; sourceTree = "<group>"; };
		0C4728BB0F273F145E4D4DB2 /* HotkeyService.swift */ = {isa = PBXFileReference; lastKnownFileType = sourcecode.swift; path = HotkeyService.swift; sourceTree = "<group>"; };
		0E34CFE45F822563424B45CA /* WallpaperBackdrop.swift */ = {isa = PBXFileReference; includeInIndex = 1; lastKnownFileType = sourcecode.swift; path = WallpaperBackdrop.swift; sourceTree = "<group>"; };
		105DAC9A68D37183682F6108 /* VideoDownloader.swift */ = {isa = PBXFileReference; lastKnownFileType = sourcecode.swift; path = VideoDownloader.swift; sourceTree = "<group>"; };
		11E8C7CA7D68E76823EDE14B /* ChargingPillView.swift */ = {isa = PBXFileReference; lastKnownFileType = sourcecode.swift; path = ChargingPillView.swift; sourceTree = "<group>"; };
		121C8981642F47441411BB1A /* ClipboardServiceTests.swift */ = {isa = PBXFileReference; lastKnownFileType = sourcecode.swift; path = ClipboardServiceTests.swift; sourceTree = "<group>"; };
		1264A0D40B35EF70B89501F7 /* FocusGatingPolicyTests.swift */ = {isa = PBXFileReference; includeInIndex = 1; lastKnownFileType = sourcecode.swift; path = FocusGatingPolicyTests.swift; sourceTree = "<group>"; };
		12E503C55E4AD3245A630B37 /* URLExtractor.swift */ = {isa = PBXFileReference; lastKnownFileType = sourcecode.swift; path = URLExtractor.swift; sourceTree = "<group>"; };
		1777434BD7BE29A5FB27D0BD /* WaveformView.swift */ = {isa = PBXFileReference; lastKnownFileType = sourcecode.swift; path = WaveformView.swift; sourceTree = "<group>"; };
		17C6831B98A974263726998E /* SystemAudioMuter.swift */ = {isa = PBXFileReference; includeInIndex = 1; lastKnownFileType = sourcecode.swift; path = SystemAudioMuter.swift; sourceTree = "<group>"; };
		1ECB7D8944E98E9980E33DAE /* BrowserURLService.swift */ = {isa = PBXFileReference; lastKnownFileType = sourcecode.swift; path = BrowserURLService.swift; sourceTree = "<group>"; };
		1FB98CADB6E11EE3D5131617 /* ClipboardService.swift */ = {isa = PBXFileReference; lastKnownFileType = sourcecode.swift; path = ClipboardService.swift; sourceTree = "<group>"; };
		200887B134644E26FF57F8EE /* FileStore.swift */ = {isa = PBXFileReference; lastKnownFileType = sourcecode.swift; path = FileStore.swift; sourceTree = "<group>"; };
		23137B87C33CCD23343DD8E7 /* DictationRecorder.swift */ = {isa = PBXFileReference; includeInIndex = 1; lastKnownFileType = sourcecode.swift; path = DictationRecorder.swift; sourceTree = "<group>"; };
		26E3F9549E940CE195C2A5F7 /* SwipeGesturePolicy.swift */ = {isa = PBXFileReference; includeInIndex = 1; lastKnownFileType = sourcecode.swift; path = SwipeGesturePolicy.swift; sourceTree = "<group>"; };
		28DD915C8DAF5516CFA60ECD /* LockMusicCardWindow.swift */ = {isa = PBXFileReference; includeInIndex = 1; lastKnownFileType = sourcecode.swift; path = LockMusicCardWindow.swift; sourceTree = "<group>"; };
		2B0AC611F7E9F488A9DF5FF4 /* NoxAnimations.swift */ = {isa = PBXFileReference; includeInIndex = 1; lastKnownFileType = sourcecode.swift; path = NoxAnimations.swift; sourceTree = "<group>"; };
		2D0433C667BB1E97BF099E71 /* LocalWhisperService.swift */ = {isa = PBXFileReference; includeInIndex = 1; lastKnownFileType = sourcecode.swift; path = LocalWhisperService.swift; sourceTree = "<group>"; };
		2D4C3A2DAAE3213444EE781E /* ArtworkCache.swift */ = {isa = PBXFileReference; includeInIndex = 1; lastKnownFileType = sourcecode.swift; path = ArtworkCache.swift; sourceTree = "<group>"; };
		320F7CC71F4D1499360FD6D2 /* FileStoreTests.swift */ = {isa = PBXFileReference; lastKnownFileType = sourcecode.swift; path = FileStoreTests.swift; sourceTree = "<group>"; };
		3A0566892452659390B945A1 /* GeminiSummaryService.swift */ = {isa = PBXFileReference; lastKnownFileType = sourcecode.swift; path = GeminiSummaryService.swift; sourceTree = "<group>"; };
		3DD697F40719E395F5EBE88F /* Notetaker.app */ = {isa = PBXFileReference; explicitFileType = wrapper.application; includeInIndex = 0; path = Notetaker.app; sourceTree = BUILT_PRODUCTS_DIR; };
		41AC803B8A27F028933457CB /* PanelPresenter.swift */ = {isa = PBXFileReference; lastKnownFileType = sourcecode.swift; path = PanelPresenter.swift; sourceTree = "<group>"; };
		464313FF8BD4A8F6E817F33E /* ClipboardRouterTests.swift */ = {isa = PBXFileReference; lastKnownFileType = sourcecode.swift; path = ClipboardRouterTests.swift; sourceTree = "<group>"; };
		46AF7A62FF29F5DC6E5DF564 /* Typography.swift */ = {isa = PBXFileReference; lastKnownFileType = sourcecode.swift; path = Typography.swift; sourceTree = "<group>"; };
		47113989466682E4EF2E7CD4 /* ProgressiveBlurView.swift */ = {isa = PBXFileReference; includeInIndex = 1; lastKnownFileType = sourcecode.swift; path = ProgressiveBlurView.swift; sourceTree = "<group>"; };
		49F3E930B53845768E94455B /* VisualEffectBlur.swift */ = {isa = PBXFileReference; lastKnownFileType = sourcecode.swift; path = VisualEffectBlur.swift; sourceTree = "<group>"; };
		4AF23A9CA540FCB310042CA3 /* NotesListView.swift */ = {isa = PBXFileReference; lastKnownFileType = sourcecode.swift; path = NotesListView.swift; sourceTree = "<group>"; };
		4E9C789396FD99C877E0100E /* ImageStoreTests.swift */ = {isa = PBXFileReference; lastKnownFileType = sourcecode.swift; path = ImageStoreTests.swift; sourceTree = "<group>"; };
		4F2BCA1A49368682B2BD7E7D /* FocusStatusService.swift */ = {isa = PBXFileReference; includeInIndex = 1; lastKnownFileType = sourcecode.swift; path = FocusStatusService.swift; sourceTree = "<group>"; };
		52506B59D6695A520BAEC7B9 /* Animations.swift */ = {isa = PBXFileReference; lastKnownFileType = sourcecode.swift; path = Animations.swift; sourceTree = "<group>"; };
		52A9278F762CE0169AD6F820 /* DictationPasteHelper.swift */ = {isa = PBXFileReference; includeInIndex = 1; lastKnownFileType = sourcecode.swift; path = DictationPasteHelper.swift; sourceTree = "<group>"; };
		5373F33379AA02A7E5679328 /* NotetakerApp.swift */ = {isa = PBXFileReference; lastKnownFileType = sourcecode.swift; path = NotetakerApp.swift; sourceTree = "<group>"; };
		56F0E884BA061699C7F2CB95 /* Database.swift */ = {isa = PBXFileReference; lastKnownFileType = sourcecode.swift; path = Database.swift; sourceTree = "<group>"; };
		5A0953091096C505095E8DD8 /* FilesGridView.swift */ = {isa = PBXFileReference; lastKnownFileType = sourcecode.swift; path = FilesGridView.swift; sourceTree = "<group>"; };
		5D24E1670632A6E0A9B6AE18 /* PowerSourceWatcher.swift */ = {isa = PBXFileReference; lastKnownFileType = sourcecode.swift; path = PowerSourceWatcher.swift; sourceTree = "<group>"; };
		5EFF0F9F35088F54C400F6A7 /* ClipboardRouter.swift */ = {isa = PBXFileReference; lastKnownFileType = sourcecode.swift; path = ClipboardRouter.swift; sourceTree = "<group>"; };
		5F1E3E1BEEAFD3C78135FAA7 /* TimerService.swift */ = {isa = PBXFileReference; includeInIndex = 1; lastKnownFileType = sourcecode.swift; path = TimerService.swift; sourceTree = "<group>"; };
		63B76AECA95EFB795B29131D /* MenuBarController.swift */ = {isa = PBXFileReference; lastKnownFileType = sourcecode.swift; path = MenuBarController.swift; sourceTree = "<group>"; };
		69D66C89AC7844C3B8E10CBD /* URLExtractorTests.swift */ = {isa = PBXFileReference; lastKnownFileType = sourcecode.swift; path = URLExtractorTests.swift; sourceTree = "<group>"; };
		6A9594FA55B5F9B82FE39166 /* Info.plist */ = {isa = PBXFileReference; lastKnownFileType = text.plist; path = Info.plist; sourceTree = "<group>"; };
		6BED01A6318CC7BB6DECC1BF /* LiquidGlass.swift */ = {isa = PBXFileReference; includeInIndex = 1; lastKnownFileType = sourcecode.swift; path = LiquidGlass.swift; sourceTree = "<group>"; };
		717E181C1DF1BF1637911A32 /* Models.swift */ = {isa = PBXFileReference; lastKnownFileType = sourcecode.swift; path = Models.swift; sourceTree = "<group>"; };
		72FB0A59ADBCDA4DC7FCB846 /* PanelRootView.swift */ = {isa = PBXFileReference; lastKnownFileType = sourcecode.swift; path = PanelRootView.swift; sourceTree = "<group>"; };
		7555B3D22555F4A30E9EE016 /* EmptyDropState.swift */ = {isa = PBXFileReference; includeInIndex = 1; lastKnownFileType = sourcecode.swift; path = EmptyDropState.swift; sourceTree = "<group>"; };
		79F90973BEE70B054C42DF17 /* VideoDropCatcher.swift */ = {isa = PBXFileReference; lastKnownFileType = sourcecode.swift; path = VideoDropCatcher.swift; sourceTree = "<group>"; };
		7C727DFD4A4E2C994662FBCD /* RetentionServiceTests.swift */ = {isa = PBXFileReference; lastKnownFileType = sourcecode.swift; path = RetentionServiceTests.swift; sourceTree = "<group>"; };
		7EB7784BF8F34942FA49CEF3 /* AppDelegate.swift */ = {isa = PBXFileReference; lastKnownFileType = sourcecode.swift; path = AppDelegate.swift; sourceTree = "<group>"; };
		8605292AC765458362A6F424 /* NotchHUDWindowController.swift */ = {isa = PBXFileReference; lastKnownFileType = sourcecode.swift; path = NotchHUDWindowController.swift; sourceTree = "<group>"; };
		861767ACA113EC88F0692C97 /* VideoStore.swift */ = {isa = PBXFileReference; lastKnownFileType = sourcecode.swift; path = VideoStore.swift; sourceTree = "<group>"; };
		867331DB44596A5B24B3FE8E /* ImageOCRServiceTests.swift */ = {isa = PBXFileReference; lastKnownFileType = sourcecode.swift; path = ImageOCRServiceTests.swift; sourceTree = "<group>"; };
		869518CDF64A1DFBB3C6A816 /* OnboardingWindow.swift */ = {isa = PBXFileReference; includeInIndex = 1; lastKnownFileType = sourcecode.swift; path = OnboardingWindow.swift; sourceTree = "<group>"; };
		8773562D010CDF53A5BA5E05 /* VideoDropScanner.swift */ = {isa = PBXFileReference; lastKnownFileType = sourcecode.swift; path = VideoDropScanner.swift; sourceTree = "<group>"; };
		8AAA9D8CB6C190D682E22E4B /* SoundEffectsService.swift */ = {isa = PBXFileReference; includeInIndex = 1; lastKnownFileType = sourcecode.swift; path = SoundEffectsService.swift; sourceTree = "<group>"; };
		903C4B5F7E59B2D22822B143 /* ImagesGridView.swift */ = {isa = PBXFileReference; lastKnownFileType = sourcecode.swift; path = ImagesGridView.swift; sourceTree = "<group>"; };
		911068681947405C03A4623D /* MediaRemoteAdapter.framework */ = {isa = PBXFileReference; lastKnownFileType = wrapper.framework; path = MediaRemoteAdapter.framework; sourceTree = "<group>"; };
		97374BE114D342B88D720A4A /* PerformanceProbe.swift */ = {isa = PBXFileReference; lastKnownFileType = sourcecode.swift; path = PerformanceProbe.swift; sourceTree = "<group>"; };
		98E3F8A6AFB9CFA5A2888105 /* VideosGridView.swift */ = {isa = PBXFileReference; lastKnownFileType = sourcecode.swift; path = VideosGridView.swift; sourceTree = "<group>"; };
		A02695787F35C9A74D9F3B1D /* NotetakerTests.xctest */ = {isa = PBXFileReference; explicitFileType = wrapper.cfbundle; includeInIndex = 0; path = NotetakerTests.xctest; sourceTree = BUILT_PRODUCTS_DIR; };
		A026A82923F1EFA5603DB245 /* WaveformPattern.swift */ = {isa = PBXFileReference; lastKnownFileType = sourcecode.swift; path = WaveformPattern.swift; sourceTree = "<group>"; };
		A0F3E921997B51884CEAE8A2 /* AirDropWatcher.swift */ = {isa = PBXFileReference; includeInIndex = 1; lastKnownFileType = sourcecode.swift; path = AirDropWatcher.swift; sourceTree = "<group>"; };
		A3F2B24F63B38FFB038957FF /* PanelWindowController.swift */ = {isa = PBXFileReference; lastKnownFileType = sourcecode.swift; path = PanelWindowController.swift; sourceTree = "<group>"; };
		A40F4E58B373CE9234DC9696 /* AirDropService.swift */ = {isa = PBXFileReference; includeInIndex = 1; lastKnownFileType = sourcecode.swift; path = AirDropService.swift; sourceTree = "<group>"; };
		A54865AB2235946458AB433D /* SoundEffectsPolicyTests.swift */ = {isa = PBXFileReference; includeInIndex = 1; lastKnownFileType = sourcecode.swift; path = SoundEffectsPolicyTests.swift; sourceTree = "<group>"; };
		A5497B7A683A649575231482 /* QuickPasteRouterTests.swift */ = {isa = PBXFileReference; lastKnownFileType = sourcecode.swift; path = QuickPasteRouterTests.swift; sourceTree = "<group>"; };
		A648675971060E65088D6431 /* DictationOrchestrator.swift */ = {isa = PBXFileReference; includeInIndex = 1; lastKnownFileType = sourcecode.swift; path = DictationOrchestrator.swift; sourceTree = "<group>"; };
		A8BEC3C148448F77B6540A1D /* DictationVocabulary.swift */ = {isa = PBXFileReference; includeInIndex = 1; lastKnownFileType = sourcecode.swift; path = DictationVocabulary.swift; sourceTree = "<group>"; };
		AA00CAFE0002SVW000000002 /* SystemVolumeWatcher.swift */ = {isa = PBXFileReference; lastKnownFileType = sourcecode.swift; path = SystemVolumeWatcher.swift; sourceTree = "<group>"; };
		AB0C6249F53F126335E3007E /* LiquidGlass.metal */ = {isa = PBXFileReference; includeInIndex = 1; lastKnownFileType = sourcecode.metal; path = LiquidGlass.metal; sourceTree = "<group>"; };
		APMV002A1B2C3D4E5F00002 /* AppMover.swift */ = {isa = PBXFileReference; lastKnownFileType = sourcecode.swift; path = AppMover.swift; sourceTree = "<group>"; };
		B2114F9D66F7C2C0537F7F7E /* ImageOCRService.swift */ = {isa = PBXFileReference; lastKnownFileType = sourcecode.swift; path = ImageOCRService.swift; sourceTree = "<group>"; };
		B23D80943D6C86B286870F3D /* GeminiOCRService.swift */ = {isa = PBXFileReference; lastKnownFileType = sourcecode.swift; path = GeminiOCRService.swift; sourceTree = "<group>"; };
		B567B38180CCF6671C937237 /* DictationServiceTests.swift */ = {isa = PBXFileReference; includeInIndex = 1; lastKnownFileType = sourcecode.swift; path = DictationServiceTests.swift; sourceTree = "<group>"; };
		B6DB779CE93CC3BD87E1AA7B /* SwipeGesturePolicyTests.swift */ = {isa = PBXFileReference; includeInIndex = 1; lastKnownFileType = sourcecode.swift; path = SwipeGesturePolicyTests.swift; sourceTree = "<group>"; };
		B84F72E6A964E7C5AAB939D5 /* SystemAudioWatcher.swift */ = {isa = PBXFileReference; lastKnownFileType = sourcecode.swift; path = SystemAudioWatcher.swift; sourceTree = "<group>"; };
		BA42DCD5596F06AAACD4CDE5 /* DictationService.swift */ = {isa = PBXFileReference; includeInIndex = 1; lastKnownFileType = sourcecode.swift; path = DictationService.swift; sourceTree = "<group>"; };
		BA4DFB7481EC57847B2A244A /* HoverActivator.swift */ = {isa = PBXFileReference; lastKnownFileType = sourcecode.swift; path = HoverActivator.swift; sourceTree = "<group>"; };
		BACKDROP02A1B2C3D4E5F0002 /* BackdropController.swift */ = {isa = PBXFileReference; lastKnownFileType = sourcecode.swift; path = BackdropController.swift; sourceTree = "<group>"; };
		BTDEV00002A1B2C3D4E5F002 /* BluetoothDeviceService.swift */ = {isa = PBXFileReference; lastKnownFileType = sourcecode.swift; path = BluetoothDeviceService.swift; sourceTree = "<group>"; };
		BTROW00002A1B2C3D4E5F002 /* BluetoothBatteryRow.swift */ = {isa = PBXFileReference; lastKnownFileType = sourcecode.swift; path = BluetoothBatteryRow.swift; sourceTree = "<group>"; };
		C23BC1CC4ACF47017EB87F7D /* Assets.xcassets */ = {isa = PBXFileReference; lastKnownFileType = folder.assetcatalog; path = Assets.xcassets; sourceTree = "<group>"; };
		C31BA8766D55CD5B624A2524 /* MediaRemoteAdapterService.swift */ = {isa = PBXFileReference; includeInIndex = 1; lastKnownFileType = sourcecode.swift; path = MediaRemoteAdapterService.swift; sourceTree = "<group>"; };
		C4D95CDD3FF7B623707D6BE4 /* DictationRouter.swift */ = {isa = PBXFileReference; includeInIndex = 1; lastKnownFileType = sourcecode.swift; path = DictationRouter.swift; sourceTree = "<group>"; };
		C7F1301544ED258BD8685CBC /* MusicPanelView.swift */ = {isa = PBXFileReference; lastKnownFileType = sourcecode.swift; path = MusicPanelView.swift; sourceTree = "<group>"; };
		C896F1E795F01FD77D8AE30E /* DictationPillView.swift */ = {isa = PBXFileReference; includeInIndex = 1; lastKnownFileType = sourcecode.swift; path = DictationPillView.swift; sourceTree = "<group>"; };
		C97BC580878C88D99FE7AB2F /* CelebrateIfRecent.swift */ = {isa = PBXFileReference; includeInIndex = 1; lastKnownFileType = sourcecode.swift; path = CelebrateIfRecent.swift; sourceTree = "<group>"; };
		C97CDA86F6ECA5B63928EBC6 /* MarkdownTextEditor.swift */ = {isa = PBXFileReference; lastKnownFileType = sourcecode.swift; path = MarkdownTextEditor.swift; sourceTree = "<group>"; };
		CB0296047884620F7222CFC0 /* RetentionService.swift */ = {isa = PBXFileReference; lastKnownFileType = sourcecode.swift; path = RetentionService.swift; sourceTree = "<group>"; };
		CC0AB1B2C3D4E5F60123456B /* ClearConfirmOverlay.swift */ = {isa = PBXFileReference; lastKnownFileType = sourcecode.swift; path = ClearConfirmOverlay.swift; sourceTree = "<group>"; };
		CLNF1A2B3C4D5E6F70123456 /* CleanOnboardingView.swift */ = {isa = PBXFileReference; lastKnownFileType = sourcecode.swift; path = CleanOnboardingView.swift; sourceTree = "<group>"; };
		CTP0AB1B2C3D4E5F60123456B /* CalendarTodayPane.swift */ = {isa = PBXFileReference; lastKnownFileType = sourcecode.swift; path = CalendarTodayPane.swift; sourceTree = "<group>"; };
		D047BF968A9B749E20E50F79 /* MultiFileDragSource.swift */ = {isa = PBXFileReference; lastKnownFileType = sourcecode.swift; path = MultiFileDragSource.swift; sourceTree = "<group>"; };
		D17F08D84C04BB94F7E8254D /* ThumbnailCache.swift */ = {isa = PBXFileReference; lastKnownFileType = sourcecode.swift; path = ThumbnailCache.swift; sourceTree = "<group>"; };
		D4B1A65817F2DD32A78B84F4 /* AppEnvironment.swift */ = {isa = PBXFileReference; lastKnownFileType = sourcecode.swift; path = AppEnvironment.swift; sourceTree = "<group>"; };
		D5E0BED164D7AFFA6B737096 /* NowPlayingPillView.swift */ = {isa = PBXFileReference; lastKnownFileType = sourcecode.swift; path = NowPlayingPillView.swift; sourceTree = "<group>"; };
		D6222E97003C8B52CDA01AC5 /* mediaremote-adapter.pl */ = {isa = PBXFileReference; includeInIndex = 1; lastKnownFileType = text; path = "mediaremote-adapter.pl"; sourceTree = "<group>"; };
		D7EE28A91D3862C54C913D98 /* SettingsWindow.swift */ = {isa = PBXFileReference; lastKnownFileType = sourcecode.swift; path = SettingsWindow.swift; sourceTree = "<group>"; };
		D96EA79C4A52EB55A23999C3 /* FocusGatingPolicy.swift */ = {isa = PBXFileReference; includeInIndex = 1; lastKnownFileType = sourcecode.swift; path = FocusGatingPolicy.swift; sourceTree = "<group>"; };
		DC413C8739634F519E4E392A /* OnboardingView.swift */ = {isa = PBXFileReference; includeInIndex = 1; lastKnownFileType = sourcecode.swift; path = OnboardingView.swift; sourceTree = "<group>"; };
		DE8C4545B6EB30E073A8D77E /* NoteStore.swift */ = {isa = PBXFileReference; lastKnownFileType = sourcecode.swift; path = NoteStore.swift; sourceTree = "<group>"; };
		E179E461831849B5BF4D2C61 /* PerformanceFrameStatsTests.swift */ = {isa = PBXFileReference; lastKnownFileType = sourcecode.swift; path = PerformanceFrameStatsTests.swift; sourceTree = "<group>"; };
		E313771115CF99A1113AC90F /* BrowserMediaProbe.swift */ = {isa = PBXFileReference; lastKnownFileType = sourcecode.swift; path = BrowserMediaProbe.swift; sourceTree = "<group>"; };
		E36344E7EDB3D800D5D75C81 /* LinkPreviewService.swift */ = {isa = PBXFileReference; lastKnownFileType = sourcecode.swift; path = LinkPreviewService.swift; sourceTree = "<group>"; };
		E781D3811F8402916558BA31 /* DesignTokens.swift */ = {isa = PBXFileReference; lastKnownFileType = sourcecode.swift; path = DesignTokens.swift; sourceTree = "<group>"; };
		E90BD720CF17DAEB227F4B2C /* LocalThumbnailView.swift */ = {isa = PBXFileReference; lastKnownFileType = sourcecode.swift; path = LocalThumbnailView.swift; sourceTree = "<group>"; };
		E97F851F210BDA6D7291F2C4 /* NoteStoreTests.swift */ = {isa = PBXFileReference; lastKnownFileType = sourcecode.swift; path = NoteStoreTests.swift; sourceTree = "<group>"; };
		ED59E2B0BEB4430FCC7DAA77 /* LockScreenWatcher.swift */ = {isa = PBXFileReference; includeInIndex = 1; lastKnownFileType = sourcecode.swift; path = LockScreenWatcher.swift; sourceTree = "<group>"; };
		ED6E1C9240C3085DE78845B0 /* NotchOrchestrator.swift */ = {isa = PBXFileReference; lastKnownFileType = sourcecode.swift; path = NotchOrchestrator.swift; sourceTree = "<group>"; };
		F33CECCCD6FAD8911D5FD5AE /* Cocoa.framework */ = {isa = PBXFileReference; lastKnownFileType = wrapper.framework; name = Cocoa.framework; path = Platforms/MacOSX.platform/Developer/SDKs/MacOSX15.0.sdk/System/Library/Frameworks/Cocoa.framework; sourceTree = DEVELOPER_DIR; };
		F6681424D04E755BA93A783D /* ImageStore.swift */ = {isa = PBXFileReference; lastKnownFileType = sourcecode.swift; path = ImageStore.swift; sourceTree = "<group>"; };
		F672E90E2FFC3279639071C1 /* PillArtworkLayerView.swift */ = {isa = PBXFileReference; includeInIndex = 1; lastKnownFileType = sourcecode.swift; path = PillArtworkLayerView.swift; sourceTree = "<group>"; };
		F828A81402E3514A29BEF54D /* NotetakerTests.swift */ = {isa = PBXFileReference; lastKnownFileType = sourcecode.swift; path = NotetakerTests.swift; sourceTree = "<group>"; };
		F93FDA7A3F7DFBCF2EDB4A10 /* LiquidGlassView.swift */ = {isa = PBXFileReference; includeInIndex = 1; lastKnownFileType = sourcecode.swift; path = LiquidGlassView.swift; sourceTree = "<group>"; };
		FCST02001A2B3C4D5E6F0123 /* FocusSessionTracker.swift */ = {isa = PBXFileReference; lastKnownFileType = sourcecode.swift; path = FocusSessionTracker.swift; sourceTree = "<group>"; };
		FCTIMSRV002A2B3C4D5 /* FocusTimerService.swift */ = {isa = PBXFileReference; lastKnownFileType = sourcecode.swift; path = FocusTimerService.swift; sourceTree = "<group>"; };
		FDD1644F617ACB89D33B0AFC /* NotchSpaceManager.swift */ = {isa = PBXFileReference; includeInIndex = 1; lastKnownFileType = sourcecode.swift; path = NotchSpaceManager.swift; sourceTree = "<group>"; };
		FE95BFBB47BCAF71BB996C85 /* DatabaseTests.swift */ = {isa = PBXFileReference; lastKnownFileType = sourcecode.swift; path = DatabaseTests.swift; sourceTree = "<group>"; };
		FFE9F98DD0466F3F85A6C518 /* ArtworkColor.swift */ = {isa = PBXFileReference; lastKnownFileType = sourcecode.swift; path = ArtworkColor.swift; sourceTree = "<group>"; };
		FOCBARIT0002A1B2C3D4E5F /* FocusStatusBarItem.swift */ = {isa = PBXFileReference; lastKnownFileType = sourcecode.swift; path = FocusStatusBarItem.swift; sourceTree = "<group>"; };
		FSB201A1B2C3D4E5F022468B /* FocusShortcutBridge.swift */ = {isa = PBXFileReference; lastKnownFileType = sourcecode.swift; path = FocusShortcutBridge.swift; sourceTree = "<group>"; };
		GCALSVC002A2B3C4D5 /* GoogleCalendarService.swift */ = {isa = PBXFileReference; lastKnownFileType = sourcecode.swift; path = GoogleCalendarService.swift; sourceTree = "<group>"; };
		HAPTIC0002A1B2C3D4E5F0002 /* HapticFeedback.swift */ = {isa = PBXFileReference; lastKnownFileType = sourcecode.swift; path = HapticFeedback.swift; sourceTree = "<group>"; };
		KEYCHAIN002A2B3C4D5 /* KeychainStore.swift */ = {isa = PBXFileReference; lastKnownFileType = sourcecode.swift; path = KeychainStore.swift; sourceTree = "<group>"; };
		KSCAP000002A1B2C3D4E5 /* KeyShortcutCapture.swift */ = {isa = PBXFileReference; lastKnownFileType = sourcecode.swift; path = KeyShortcutCapture.swift; sourceTree = "<group>"; };
		LNI0AB1B2C3D4E5F60123456B /* LockNotchIndicatorWindow.swift */ = {isa = PBXFileReference; lastKnownFileType = sourcecode.swift; path = LockNotchIndicatorWindow.swift; sourceTree = "<group>"; };
		MEDIAKEY0002A1B2C3D4E5F0 /* MediaKeyInterceptor.swift */ = {isa = PBXFileReference; lastKnownFileType = sourcecode.swift; path = MediaKeyInterceptor.swift; sourceTree = "<group>"; };
		OAUTHCRED002A2B3C4D5 /* OAuthCredentials.swift */ = {isa = PBXFileReference; lastKnownFileType = sourcecode.swift; path = OAuthCredentials.swift; sourceTree = "<group>"; };
		SECRETSWIFT002A2B3C4D5 /* Secrets.swift */ = {isa = PBXFileReference; lastKnownFileType = sourcecode.swift; path = Secrets.swift; sourceTree = "<group>"; };
		PILLMENU00A1B2C3D4E5F002 /* PillContextMenu.swift */ = {isa = PBXFileReference; lastKnownFileType = sourcecode.swift; path = PillContextMenu.swift; sourceTree = "<group>"; };
		PILLMENU00A1B2C3D4E5F004 /* PillContextMenuPolicyTests.swift */ = {isa = PBXFileReference; lastKnownFileType = sourcecode.swift; path = PillContextMenuPolicyTests.swift; sourceTree = "<group>"; };
		PKCE0002A2B3C4D5E6F /* PKCE.swift */ = {isa = PBXFileReference; lastKnownFileType = sourcecode.swift; path = PKCE.swift; sourceTree = "<group>"; };
		SCRSHARE0002A1B2C3D4E5F0 /* ScreenSharingPolicy.swift */ = {isa = PBXFileReference; lastKnownFileType = sourcecode.swift; path = ScreenSharingPolicy.swift; sourceTree = "<group>"; };
		SCRSHOT00A1B2C3D4E5F0002 /* ScreenshotPillPolicy.swift */ = {isa = PBXFileReference; lastKnownFileType = sourcecode.swift; path = ScreenshotPillPolicy.swift; sourceTree = "<group>"; };
		SCRSHOT00A1B2C3D4E5F0004 /* ScreenshotPillPolicyTests.swift */ = {isa = PBXFileReference; lastKnownFileType = sourcecode.swift; path = ScreenshotPillPolicyTests.swift; sourceTree = "<group>"; };
		SCRSTORE0002A1B2C3D4E5 /* ScriptStore.swift */ = {isa = PBXFileReference; lastKnownFileType = sourcecode.swift; path = ScriptStore.swift; sourceTree = "<group>"; };
		SCRVIEW00002A1B2C3D4E5 /* ScriptsView.swift */ = {isa = PBXFileReference; lastKnownFileType = sourcecode.swift; path = ScriptsView.swift; sourceTree = "<group>"; };
		SECKEY00001A1B2C3D4E5F03 /* SecureKeyStore.swift */ = {isa = PBXFileReference; includeInIndex = 1; lastKnownFileType = sourcecode.swift; path = SecureKeyStore.swift; sourceTree = "<group>"; };
		SPHERE002A1B2C3D4E5F60002 /* SphereVisualizer.swift */ = {isa = PBXFileReference; lastKnownFileType = sourcecode.swift; path = SphereVisualizer.swift; sourceTree = "<group>"; };
		SPPILL000002A1B2C3D4E5 /* ScriptPreviewPill.swift */ = {isa = PBXFileReference; lastKnownFileType = sourcecode.swift; path = ScriptPreviewPill.swift; sourceTree = "<group>"; };
		STSESSTRK002A2B3C4D5 /* StudySessionTracker.swift */ = {isa = PBXFileReference; lastKnownFileType = sourcecode.swift; path = StudySessionTracker.swift; sourceTree = "<group>"; };
		TIMPOLL00A1B2C3D4E5F0002 /* TimingPollPolicy.swift */ = {isa = PBXFileReference; lastKnownFileType = sourcecode.swift; path = TimingPollPolicy.swift; sourceTree = "<group>"; };
		TIMPOLL00A1B2C3D4E5F0004 /* TimingPollPolicyTests.swift */ = {isa = PBXFileReference; lastKnownFileType = sourcecode.swift; path = TimingPollPolicyTests.swift; sourceTree = "<group>"; };
		TPPILL000002A1B2C3D4E5 /* TeleprompterPillBody.swift */ = {isa = PBXFileReference; lastKnownFileType = sourcecode.swift; path = TeleprompterPillBody.swift; sourceTree = "<group>"; };
		VCMPF001A1B2C3D4E5F00002 /* PopoutNoteWindow.swift */ = {isa = PBXFileReference; lastKnownFileType = sourcecode.swift; path = PopoutNoteWindow.swift; sourceTree = "<group>"; };
/* End PBXFileReference section */

/* Begin PBXFrameworksBuildPhase section */
		8CB194F698A3FD7035F802A7 /* Frameworks */ = {
			isa = PBXFrameworksBuildPhase;
			buildActionMask = 2147483647;
			files = (
				83635AA9CA68E7CA34A6423F /* GRDB in Frameworks */,
				B3E37B3CBA9C92C1D08C7ACC /* HotKey in Frameworks */,
				EF5A0E85CB9FDA540373327C /* WhisperKit in Frameworks */,
				5A21EE0001AABB001AABB001 /* Sparkle in Frameworks */,
				WAVE0001A1B2C3D4E0001AAA /* Wave in Frameworks */,
			);
			runOnlyForDeploymentPostprocessing = 0;
		};
		9FB2BB925002F2421AFDA646 /* Frameworks */ = {
			isa = PBXFrameworksBuildPhase;
			buildActionMask = 2147483647;
			files = (
			);
			runOnlyForDeploymentPostprocessing = 0;
		};
/* End PBXFrameworksBuildPhase section */

/* Begin PBXGroup section */
		0574C4D5E68098FA7476033C /* OS X */ = {
			isa = PBXGroup;
			children = (
				F33CECCCD6FAD8911D5FD5AE /* Cocoa.framework */,
			);
			name = "OS X";
			sourceTree = "<group>";
		};
		24F822B585F5803D2A806378 /* Products */ = {
			isa = PBXGroup;
			children = (
				3DD697F40719E395F5EBE88F /* Notetaker.app */,
				A02695787F35C9A74D9F3B1D /* NotetakerTests.xctest */,
			);
			name = Products;
			sourceTree = "<group>";
		};
		31E487BB60139E571735EA12 /* Notetaker */ = {
			isa = PBXGroup;
			children = (
				D5F70257F2B2ADFD93F33C6C /* App */,
				825CDB68E6E6742F8DE42A3F /* DesignSystem */,
				AD1DCB38A97762FB15AD6F61 /* NotchPill */,
				9CD14C864C0F601FF107EF97 /* Panel */,
				7EE2B5488AC8E315F38FBDC2 /* Resources */,
				571C7545D876EC8047A3F420 /* Services */,
				CDE91B76AB3C54C3BB778D76 /* Settings */,
				92188C3B380A37177F894D4C /* Utils */,
				4C82CE144F09DBFAE5D685AA /* Onboarding */,
			);
			path = Notetaker;
			sourceTree = "<group>";
		};
		4C82CE144F09DBFAE5D685AA /* Onboarding */ = {
			isa = PBXGroup;
			children = (
				DC413C8739634F519E4E392A /* OnboardingView.swift */,
				CLNF1A2B3C4D5E6F70123456 /* CleanOnboardingView.swift */,
				869518CDF64A1DFBB3C6A816 /* OnboardingWindow.swift */,
			);
			name = Onboarding;
			path = Onboarding;
			sourceTree = "<group>";
		};
		571C7545D876EC8047A3F420 /* Services */ = {
			isa = PBXGroup;
			children = (
				1ECB7D8944E98E9980E33DAE /* BrowserURLService.swift */,
				5EFF0F9F35088F54C400F6A7 /* ClipboardRouter.swift */,
				1FB98CADB6E11EE3D5131617 /* ClipboardService.swift */,
				56F0E884BA061699C7F2CB95 /* Database.swift */,
				200887B134644E26FF57F8EE /* FileStore.swift */,
				B23D80943D6C86B286870F3D /* GeminiOCRService.swift */,
				3A0566892452659390B945A1 /* GeminiSummaryService.swift */,
				0C4728BB0F273F145E4D4DB2 /* HotkeyService.swift */,
				BA4DFB7481EC57847B2A244A /* HoverActivator.swift */,
				HAPTIC0002A1B2C3D4E5F0002 /* HapticFeedback.swift */,
				BTDEV00002A1B2C3D4E5F002 /* BluetoothDeviceService.swift */,
				B2114F9D66F7C2C0537F7F7E /* ImageOCRService.swift */,
				F6681424D04E755BA93A783D /* ImageStore.swift */,
				E36344E7EDB3D800D5D75C81 /* LinkPreviewService.swift */,
				717E181C1DF1BF1637911A32 /* Models.swift */,
				DE8C4545B6EB30E073A8D77E /* NoteStore.swift */,
				97374BE114D342B88D720A4A /* PerformanceProbe.swift */,
				SCRSHOT00A1B2C3D4E5F0002 /* ScreenshotPillPolicy.swift */,
				TIMPOLL00A1B2C3D4E5F0002 /* TimingPollPolicy.swift */,
				0A9EC1A0C0928D65BA1DFF10 /* QuickPasteRouter.swift */,
				CB0296047884620F7222CFC0 /* RetentionService.swift */,
				SCRSHARE0002A1B2C3D4E5F0 /* ScreenSharingPolicy.swift */,
				MEDIAKEY0002A1B2C3D4E5F0 /* MediaKeyInterceptor.swift */,
				FOCBARIT0002A1B2C3D4E5F /* FocusStatusBarItem.swift */,
				SCRSTORE0002A1B2C3D4E5 /* ScriptStore.swift */,
				D17F08D84C04BB94F7E8254D /* ThumbnailCache.swift */,
				105DAC9A68D37183682F6108 /* VideoDownloader.swift */,
				8773562D010CDF53A5BA5E05 /* VideoDropScanner.swift */,
				861767ACA113EC88F0692C97 /* VideoStore.swift */,
				4F2BCA1A49368682B2BD7E7D /* FocusStatusService.swift */,
				FCST02001A2B3C4D5E6F0123 /* FocusSessionTracker.swift */,
				STSESSTRK002A2B3C4D5 /* StudySessionTracker.swift */,
				FCTIMSRV002A2B3C4D5 /* FocusTimerService.swift */,
				OAUTHCRED002A2B3C4D5 /* OAuthCredentials.swift */,
				SECRETSWIFT002A2B3C4D5 /* Secrets.swift */,
				KEYCHAIN002A2B3C4D5 /* KeychainStore.swift */,
				PKCE0002A2B3C4D5E6F /* PKCE.swift */,
				GCALSVC002A2B3C4D5 /* GoogleCalendarService.swift */,
				FSB201A1B2C3D4E5F022468B /* FocusShortcutBridge.swift */,
				093DDA8096D13E59AB52F32F /* CalendarMonitorService.swift */,
				A0F3E921997B51884CEAE8A2 /* AirDropWatcher.swift */,
				2D4C3A2DAAE3213444EE781E /* ArtworkCache.swift */,
				23137B87C33CCD23343DD8E7 /* DictationRecorder.swift */,
				BA42DCD5596F06AAACD4CDE5 /* DictationService.swift */,
				A648675971060E65088D6431 /* DictationOrchestrator.swift */,
				52A9278F762CE0169AD6F820 /* DictationPasteHelper.swift */,
				17C6831B98A974263726998E /* SystemAudioMuter.swift */,
				C4D95CDD3FF7B623707D6BE4 /* DictationRouter.swift */,
				A40F4E58B373CE9234DC9696 /* AirDropService.swift */,
				2D0433C667BB1E97BF099E71 /* LocalWhisperService.swift */,
				A8BEC3C148448F77B6540A1D /* DictationVocabulary.swift */,
				SECKEY00001A1B2C3D4E5F03 /* SecureKeyStore.swift */,
				8AAA9D8CB6C190D682E22E4B /* SoundEffectsService.swift */,
				D96EA79C4A52EB55A23999C3 /* FocusGatingPolicy.swift */,
			);
			path = Services;
			sourceTree = "<group>";
		};
		7EE2B5488AC8E315F38FBDC2 /* Resources */ = {
			isa = PBXGroup;
			children = (
				C23BC1CC4ACF47017EB87F7D /* Assets.xcassets */,
				6A9594FA55B5F9B82FE39166 /* Info.plist */,
				D27760ABEA8A9043989CB484 /* mediaremote-adapter */,
			);
			path = Resources;
			sourceTree = "<group>";
		};
		825CDB68E6E6742F8DE42A3F /* DesignSystem */ = {
			isa = PBXGroup;
			children = (
				52506B59D6695A520BAEC7B9 /* Animations.swift */,
				E781D3811F8402916558BA31 /* DesignTokens.swift */,
				46AF7A62FF29F5DC6E5DF564 /* Typography.swift */,
				C97BC580878C88D99FE7AB2F /* CelebrateIfRecent.swift */,
				7555B3D22555F4A30E9EE016 /* EmptyDropState.swift */,
				CC0AB1B2C3D4E5F60123456B /* ClearConfirmOverlay.swift */,
				2B0AC611F7E9F488A9DF5FF4 /* NoxAnimations.swift */,
				47113989466682E4EF2E7CD4 /* ProgressiveBlurView.swift */,
				F93FDA7A3F7DFBCF2EDB4A10 /* LiquidGlassView.swift */,
			);
			path = DesignSystem;
			sourceTree = "<group>";
		};
		92188C3B380A37177F894D4C /* Utils */ = {
			isa = PBXGroup;
			children = (
				12E503C55E4AD3245A630B37 /* URLExtractor.swift */,
			);
			path = Utils;
			sourceTree = "<group>";
		};
		97D39469FA95A982C02182E3 = {
			isa = PBXGroup;
			children = (
				31E487BB60139E571735EA12 /* Notetaker */,
				E6B54692E4942FCA483A8134 /* NotetakerTests */,
				24F822B585F5803D2A806378 /* Products */,
				B9625FCEF1C5D78B27F23FD7 /* Frameworks */,
			);
			sourceTree = "<group>";
		};
		9CD14C864C0F601FF107EF97 /* Panel */ = {
			isa = PBXGroup;
			children = (
				FFE9F98DD0466F3F85A6C518 /* ArtworkColor.swift */,
				5A0953091096C505095E8DD8 /* FilesGridView.swift */,
				903C4B5F7E59B2D22822B143 /* ImagesGridView.swift */,
				E90BD720CF17DAEB227F4B2C /* LocalThumbnailView.swift */,
				C97CDA86F6ECA5B63928EBC6 /* MarkdownTextEditor.swift */,
				D047BF968A9B749E20E50F79 /* MultiFileDragSource.swift */,
				C7F1301544ED258BD8685CBC /* MusicPanelView.swift */,
				SCRVIEW00002A1B2C3D4E5 /* ScriptsView.swift */,
				SPPILL000002A1B2C3D4E5 /* ScriptPreviewPill.swift */,
				TPPILL000002A1B2C3D4E5 /* TeleprompterPillBody.swift */,
				CTP0AB1B2C3D4E5F60123456B /* CalendarTodayPane.swift */,
				4AF23A9CA540FCB310042CA3 /* NotesListView.swift */,
				BACKDROP02A1B2C3D4E5F0002 /* BackdropController.swift */,
				BTROW00002A1B2C3D4E5F002 /* BluetoothBatteryRow.swift */,
				41AC803B8A27F028933457CB /* PanelPresenter.swift */,
				72FB0A59ADBCDA4DC7FCB846 /* PanelRootView.swift */,
				A3F2B24F63B38FFB038957FF /* PanelWindowController.swift */,
				79F90973BEE70B054C42DF17 /* VideoDropCatcher.swift */,
				98E3F8A6AFB9CFA5A2888105 /* VideosGridView.swift */,
				VCMPF001A1B2C3D4E5F00002 /* PopoutNoteWindow.swift */,
				49F3E930B53845768E94455B /* VisualEffectBlur.swift */,
				28DD915C8DAF5516CFA60ECD /* LockMusicCardWindow.swift */,
				LNI0AB1B2C3D4E5F60123456B /* LockNotchIndicatorWindow.swift */,
				6BED01A6318CC7BB6DECC1BF /* LiquidGlass.swift */,
				AB0C6249F53F126335E3007E /* LiquidGlass.metal */,
				0E34CFE45F822563424B45CA /* WallpaperBackdrop.swift */,
				C896F1E795F01FD77D8AE30E /* DictationPillView.swift */,
				056F2083D14553EB2C3094AB /* DropPickerView.swift */,
				F672E90E2FFC3279639071C1 /* PillArtworkLayerView.swift */,
			);
			path = Panel;
			sourceTree = "<group>";
		};
		AD1DCB38A97762FB15AD6F61 /* NotchPill */ = {
			isa = PBXGroup;
			children = (
				E313771115CF99A1113AC90F /* BrowserMediaProbe.swift */,
				SPHERE002A1B2C3D4E5F60002 /* SphereVisualizer.swift */,
				11E8C7CA7D68E76823EDE14B /* ChargingPillView.swift */,
				00C5B5E090DF52C4555A5BE6 /* MediaRemoteService.swift */,
				8605292AC765458362A6F424 /* NotchHUDWindowController.swift */,
				ED6E1C9240C3085DE78845B0 /* NotchOrchestrator.swift */,
				D5E0BED164D7AFFA6B737096 /* NowPlayingPillView.swift */,
				PILLMENU00A1B2C3D4E5F002 /* PillContextMenu.swift */,
				5D24E1670632A6E0A9B6AE18 /* PowerSourceWatcher.swift */,
				B84F72E6A964E7C5AAB939D5 /* SystemAudioWatcher.swift */,
				AA00CAFE0002SVW000000002 /* SystemVolumeWatcher.swift */,
				A026A82923F1EFA5603DB245 /* WaveformPattern.swift */,
				1777434BD7BE29A5FB27D0BD /* WaveformView.swift */,
				FDD1644F617ACB89D33B0AFC /* NotchSpaceManager.swift */,
				ED59E2B0BEB4430FCC7DAA77 /* LockScreenWatcher.swift */,
				5F1E3E1BEEAFD3C78135FAA7 /* TimerService.swift */,
				C31BA8766D55CD5B624A2524 /* MediaRemoteAdapterService.swift */,
				26E3F9549E940CE195C2A5F7 /* SwipeGesturePolicy.swift */,
			);
			path = NotchPill;
			sourceTree = "<group>";
		};
		B9625FCEF1C5D78B27F23FD7 /* Frameworks */ = {
			isa = PBXGroup;
			children = (
				0574C4D5E68098FA7476033C /* OS X */,
			);
			name = Frameworks;
			sourceTree = "<group>";
		};
		CDE91B76AB3C54C3BB778D76 /* Settings */ = {
			isa = PBXGroup;
			children = (
				D7EE28A91D3862C54C913D98 /* SettingsWindow.swift */,
				KSCAP000002A1B2C3D4E5 /* KeyShortcutCapture.swift */,
			);
			path = Settings;
			sourceTree = "<group>";
		};
		D27760ABEA8A9043989CB484 /* mediaremote-adapter */ = {
			isa = PBXGroup;
			children = (
				D6222E97003C8B52CDA01AC5 /* mediaremote-adapter.pl */,
				911068681947405C03A4623D /* MediaRemoteAdapter.framework */,
			);
			name = "mediaremote-adapter";
			path = "mediaremote-adapter";
			sourceTree = "<group>";
		};
		D5F70257F2B2ADFD93F33C6C /* App */ = {
			isa = PBXGroup;
			children = (
				7EB7784BF8F34942FA49CEF3 /* AppDelegate.swift */,
				D4B1A65817F2DD32A78B84F4 /* AppEnvironment.swift */,
				APMV002A1B2C3D4E5F00002 /* AppMover.swift */,
				63B76AECA95EFB795B29131D /* MenuBarController.swift */,
				5373F33379AA02A7E5679328 /* NotetakerApp.swift */,
			);
			path = App;
			sourceTree = "<group>";
		};
		E6B54692E4942FCA483A8134 /* NotetakerTests */ = {
			isa = PBXGroup;
			children = (
				464313FF8BD4A8F6E817F33E /* ClipboardRouterTests.swift */,
				121C8981642F47441411BB1A /* ClipboardServiceTests.swift */,
				FE95BFBB47BCAF71BB996C85 /* DatabaseTests.swift */,
				320F7CC71F4D1499360FD6D2 /* FileStoreTests.swift */,
				867331DB44596A5B24B3FE8E /* ImageOCRServiceTests.swift */,
				4E9C789396FD99C877E0100E /* ImageStoreTests.swift */,
				E97F851F210BDA6D7291F2C4 /* NoteStoreTests.swift */,
				F828A81402E3514A29BEF54D /* NotetakerTests.swift */,
				E179E461831849B5BF4D2C61 /* PerformanceFrameStatsTests.swift */,
				SCRSHOT00A1B2C3D4E5F0004 /* ScreenshotPillPolicyTests.swift */,
				TIMPOLL00A1B2C3D4E5F0004 /* TimingPollPolicyTests.swift */,
				PILLMENU00A1B2C3D4E5F004 /* PillContextMenuPolicyTests.swift */,
				A5497B7A683A649575231482 /* QuickPasteRouterTests.swift */,
				7C727DFD4A4E2C994662FBCD /* RetentionServiceTests.swift */,
				69D66C89AC7844C3B8E10CBD /* URLExtractorTests.swift */,
				B567B38180CCF6671C937237 /* DictationServiceTests.swift */,
				B6DB779CE93CC3BD87E1AA7B /* SwipeGesturePolicyTests.swift */,
				A54865AB2235946458AB433D /* SoundEffectsPolicyTests.swift */,
				1264A0D40B35EF70B89501F7 /* FocusGatingPolicyTests.swift */,
			);
			path = NotetakerTests;
			sourceTree = "<group>";
		};
/* End PBXGroup section */

/* Begin PBXNativeTarget section */
		382FEDDB566F8547F30173DD /* Notetaker */ = {
			isa = PBXNativeTarget;
			buildConfigurationList = 10CC97B0792E3C1EA536A536 /* Build configuration list for PBXNativeTarget "Notetaker" */;
			buildPhases = (
				B41B21843FEBF3569E52AE48 /* Sources */,
				951809CD4B086EB5C9B61DED /* Copy yt-dlp + ffmpeg binaries */,
				592604675056C2060EDFFE0C /* Resources */,
				8CB194F698A3FD7035F802A7 /* Frameworks */,
			);
			buildRules = (
			);
			dependencies = (
			);
			name = Notetaker;
			packageProductDependencies = (
				17C000E0AB2B8576CD22086B /* GRDB */,
				C16A2E7CC8B24487D4795D88 /* HotKey */,
				325189C692EF7A0950D7EB97 /* WhisperKit */,
				5A21EE0002AABB002AABB002 /* Sparkle */,
				WAVE0002A1B2C3D4E0002BBB /* Wave */,
			);
			productName = Notetaker;
			productReference = 3DD697F40719E395F5EBE88F /* Notetaker.app */;
			productType = "com.apple.product-type.application";
		};
		D8CBE7604266C6D9C55002A5 /* NotetakerTests */ = {
			isa = PBXNativeTarget;
			buildConfigurationList = F2360B7CBE8F518212D1BA16 /* Build configuration list for PBXNativeTarget "NotetakerTests" */;
			buildPhases = (
				F0B3DFD50B4478EB076E5AE3 /* Sources */,
				9FB2BB925002F2421AFDA646 /* Frameworks */,
			);
			buildRules = (
			);
			dependencies = (
				64D947AE9A9506D4405C021E /* PBXTargetDependency */,
			);
			name = NotetakerTests;
			productName = NotetakerTests;
			productReference = A02695787F35C9A74D9F3B1D /* NotetakerTests.xctest */;
			productType = "com.apple.product-type.bundle.unit-test";
		};
/* End PBXNativeTarget section */

/* Begin PBXProject section */
		F05CDF2331B9BAC5FEDB68B6 /* Project object */ = {
			isa = PBXProject;
			attributes = {
				BuildIndependentTargetsInParallel = YES;
				LastUpgradeCheck = 1430;
				TargetAttributes = {
					382FEDDB566F8547F30173DD = {
						DevelopmentTeam = "";
						ProvisioningStyle = Automatic;
					};
					D8CBE7604266C6D9C55002A5 = {
						DevelopmentTeam = "";
						ProvisioningStyle = Automatic;
					};
				};
			};
			buildConfigurationList = 724762323B08E430ADD112C9 /* Build configuration list for PBXProject "Notetaker" */;
			developmentRegion = en;
			hasScannedForEncodings = 0;
			knownRegions = (
				Base,
				en,
			);
			mainGroup = 97D39469FA95A982C02182E3;
			minimizedProjectReferenceProxies = 1;
			packageReferences = (
				004C76D09C86DAB302BD4279 /* XCRemoteSwiftPackageReference "GRDB.swift" */,
				07B7421E8D8C1F3EFCF305E1 /* XCRemoteSwiftPackageReference "HotKey" */,
				886C59FFFE241691F87D5950 /* XCRemoteSwiftPackageReference "WhisperKit" */,
				5A21EE0003AABB003AABB003 /* XCRemoteSwiftPackageReference "Sparkle" */,
				WAVE0003A1B2C3D4E0003CCC /* XCRemoteSwiftPackageReference "Wave" */,
			);
			preferredProjectObjectVersion = 77;
			productRefGroup = 24F822B585F5803D2A806378 /* Products */;
			projectDirPath = "";
			projectRoot = "";
			targets = (
				382FEDDB566F8547F30173DD /* Notetaker */,
				D8CBE7604266C6D9C55002A5 /* NotetakerTests */,
			);
		};
/* End PBXProject section */

/* Begin PBXResourcesBuildPhase section */
		592604675056C2060EDFFE0C /* Resources */ = {
			isa = PBXResourcesBuildPhase;
			buildActionMask = 2147483647;
			files = (
				D2F9770EBFC65B81DF03B823 /* Assets.xcassets in Resources */,
				073FEBF429432FC3EEB1FB7E /* mediaremote-adapter.pl in Resources */,
				B1B67D9C44CF3B54A6521D41 /* MediaRemoteAdapter.framework in Resources */,
			);
			runOnlyForDeploymentPostprocessing = 0;
		};
/* End PBXResourcesBuildPhase section */

/* Begin PBXShellScriptBuildPhase section */
		951809CD4B086EB5C9B61DED /* Copy yt-dlp + ffmpeg binaries */ = {
			isa = PBXShellScriptBuildPhase;
			buildActionMask = 2147483647;
			files = (
			);
			inputFileListPaths = (
			);
			inputPaths = (
				"$(SRCROOT)/Notetaker/Resources/bin/yt-dlp",
				"$(SRCROOT)/Notetaker/Resources/bin/ffmpeg",
			);
			name = "Copy yt-dlp + ffmpeg binaries";
			outputFileListPaths = (
			);
			outputPaths = (
				"$(TARGET_BUILD_DIR)/$(PRODUCT_NAME).app/Contents/Resources/bin/yt-dlp",
				"$(TARGET_BUILD_DIR)/$(PRODUCT_NAME).app/Contents/Resources/bin/ffmpeg",
			);
			runOnlyForDeploymentPostprocessing = 0;
			shellPath = /bin/sh;
			shellScript = "set -e\nBIN_SRC=\"${SRCROOT}/Notetaker/Resources/bin\"\nBIN_DST=\"${TARGET_BUILD_DIR}/${PRODUCT_NAME}.app/Contents/Resources/bin\"\nmkdir -p \"$BIN_DST\"\ncp -f \"$BIN_SRC/yt-dlp\"  \"$BIN_DST/yt-dlp\"\ncp -f \"$BIN_SRC/ffmpeg\"  \"$BIN_DST/ffmpeg\"\nchmod +x \"$BIN_DST/yt-dlp\" \"$BIN_DST/ffmpeg\"\n";
		};
/* End PBXShellScriptBuildPhase section */

/* Begin PBXSourcesBuildPhase section */
		B41B21843FEBF3569E52AE48 /* Sources */ = {
			isa = PBXSourcesBuildPhase;
			buildActionMask = 2147483647;
			files = (
				1DF8B62179AB9D609E2640E6 /* Animations.swift in Sources */,
				31A8654F476EE3A073A1EE8D /* AppDelegate.swift in Sources */,
				82DDE6EA7985D2F3965F0E71 /* AppEnvironment.swift in Sources */,
				APMV001A1B2C3D4E5F00001 /* AppMover.swift in Sources */,
				124237D48C2EE8F82DB19219 /* ArtworkColor.swift in Sources */,
				BF5A801D2E36DECD75D4CADD /* BrowserMediaProbe.swift in Sources */,
				SPHERE001A1B2C3D4E5F60001 /* SphereVisualizer.swift in Sources */,
				BACKDROP01A1B2C3D4E5F0001 /* BackdropController.swift in Sources */,
				HAPTIC0001A1B2C3D4E5F0001 /* HapticFeedback.swift in Sources */,
				BTDEV00001A1B2C3D4E5F001 /* BluetoothDeviceService.swift in Sources */,
				BTROW00001A1B2C3D4E5F001 /* BluetoothBatteryRow.swift in Sources */,
				BE9C61D689F83C6E9399E285 /* BrowserURLService.swift in Sources */,
				2A4069BD9939F9C50685EC10 /* ChargingPillView.swift in Sources */,
				7876B26DCDCCEC94003948CC /* ClipboardRouter.swift in Sources */,
				64E1146E44882F7E940B0274 /* ClipboardService.swift in Sources */,
				E418674FA029BAC44F847357 /* Database.swift in Sources */,
				DC2797E25CF433EC7D759CF0 /* DesignTokens.swift in Sources */,
				B43CD67A5223C11CCD653F9C /* FileStore.swift in Sources */,
				BD41AD52A5D114B6148B8E88 /* FilesGridView.swift in Sources */,
				E08F5E053007F6E2E5EC75CF /* GeminiOCRService.swift in Sources */,
				DDC33CF7957A6FF0ED26CC71 /* GeminiSummaryService.swift in Sources */,
				7633A806C1D9674E27061185 /* HotkeyService.swift in Sources */,
				716A2C5BE1E45C55CF28EC5C /* HoverActivator.swift in Sources */,
				77B8B5813C759AAB081120D6 /* ImageOCRService.swift in Sources */,
				C70A5360450254FB8A93100F /* ImageStore.swift in Sources */,
				8F1E0C1C56B34BA5A69F027B /* ImagesGridView.swift in Sources */,
				71043C7EA91BD371A6D45070 /* LinkPreviewService.swift in Sources */,
				5C3B3FD9E4616938A9D93D0C /* LocalThumbnailView.swift in Sources */,
				251BAF64E160A858D45552CE /* MarkdownTextEditor.swift in Sources */,
				D4171E2B1CDA439E191E758C /* MediaRemoteService.swift in Sources */,
				2D18EAD4998253D3AF5370D2 /* MenuBarController.swift in Sources */,
				4E42547CCEB204EE181E2B34 /* Models.swift in Sources */,
				DC88E07E27734DDB1B3F9E22 /* MultiFileDragSource.swift in Sources */,
				A46458AD0F8C2134AE7B2430 /* MusicPanelView.swift in Sources */,
				CTP0AB1B2C3D4E5F60123456A /* CalendarTodayPane.swift in Sources */,
				3EB8D6E02C178E831BFDF952 /* NotchHUDWindowController.swift in Sources */,
				E50303E046B702C2890C02B9 /* NotchOrchestrator.swift in Sources */,
				A9518BBFE8601B16A7F4B893 /* NoteStore.swift in Sources */,
				B16464DEF3028FDC6FF850EB /* NotesListView.swift in Sources */,
				70540AE9B8C62D4CA66E72E1 /* NotetakerApp.swift in Sources */,
				ABCE220794892E752DD6D3B1 /* NowPlayingPillView.swift in Sources */,
				E09C3518E71C3B03457FE220 /* PanelPresenter.swift in Sources */,
				F3C6E32F2B2FCBE6DE98CE1E /* PanelRootView.swift in Sources */,
				9C4454DAB3490C57222008FC /* PanelWindowController.swift in Sources */,
				830D75EA827A4FF48657FD7A /* PerformanceProbe.swift in Sources */,
				SCRSHOT00A1B2C3D4E5F0001 /* ScreenshotPillPolicy.swift in Sources */,
				TIMPOLL00A1B2C3D4E5F0001 /* TimingPollPolicy.swift in Sources */,
				PILLMENU00A1B2C3D4E5F001 /* PillContextMenu.swift in Sources */,
				F7E642499638A8FFFF5DAB75 /* PowerSourceWatcher.swift in Sources */,
				9BAF5EA26EBA659A88DB9369 /* QuickPasteRouter.swift in Sources */,
				35B4A484A4E1D7230530A7D0 /* RetentionService.swift in Sources */,
				SCRSHARE0001A1B2C3D4E5F0 /* ScreenSharingPolicy.swift in Sources */,
				MEDIAKEY0001A1B2C3D4E5F0 /* MediaKeyInterceptor.swift in Sources */,
				FOCBARIT0001A1B2C3D4E5F /* FocusStatusBarItem.swift in Sources */,
				SCRSTORE0001A1B2C3D4E5 /* ScriptStore.swift in Sources */,
				SCRVIEW00001A1B2C3D4E5 /* ScriptsView.swift in Sources */,
				SPPILL000001A1B2C3D4E5 /* ScriptPreviewPill.swift in Sources */,
				TPPILL000001A1B2C3D4E5 /* TeleprompterPillBody.swift in Sources */,
				A9761E0D07D7B9244A40A158 /* SettingsWindow.swift in Sources */,
				KSCAP000001A1B2C3D4E5 /* KeyShortcutCapture.swift in Sources */,
				2A3E5F59B43C598866A4D112 /* SystemAudioWatcher.swift in Sources */,
				AA00CAFE0001SVW000000001 /* SystemVolumeWatcher.swift in Sources */,
				31028C6DBDCCD15C6178C005 /* ThumbnailCache.swift in Sources */,
				D61D1228591E36D78457CCB3 /* Typography.swift in Sources */,
				37378A6ABF6FF0A64E924EB5 /* URLExtractor.swift in Sources */,
				BEEC79429921AD66DFB2C84F /* VideoDownloader.swift in Sources */,
				DE75DAD4610F719015F5E67B /* VideoDropCatcher.swift in Sources */,
				VCMPB001A1B2C3D4E5F00001 /* PopoutNoteWindow.swift in Sources */,
				0AA2269E81CA671E2D69789B /* VideoDropScanner.swift in Sources */,
				426F8F11BA6716078628C93E /* VideoStore.swift in Sources */,
				57CB3FF58705FAF285235AFA /* VideosGridView.swift in Sources */,
				A1C755F02993CF170C67F3D9 /* VisualEffectBlur.swift in Sources */,
				9D35C0439FD8017C4E04AC49 /* WaveformPattern.swift in Sources */,
				A7002471FBEA18FDA06E9933 /* WaveformView.swift in Sources */,
				A03C329E9EC0564F99966060 /* NotchSpaceManager.swift in Sources */,
				176305FF71A81155D7870BB8 /* LockScreenWatcher.swift in Sources */,
				256A0AED9F319A7E21DAB17A /* LockMusicCardWindow.swift in Sources */,
				LNI0AB1B2C3D4E5F60123456A /* LockNotchIndicatorWindow.swift in Sources */,
				94C68DED0EA881E8B6221E04 /* LiquidGlass.swift in Sources */,
				8700FB67E5E6CF2643437CE5 /* LiquidGlass.metal in Sources */,
				29BFEF9F7B7F1D05891A1FCF /* WallpaperBackdrop.swift in Sources */,
				5EC5EF6A866198545A06C4D4 /* TimerService.swift in Sources */,
				640131856A47354072120A76 /* FocusStatusService.swift in Sources */,
				FCST01001A2B3C4D5E6F0123 /* FocusSessionTracker.swift in Sources */,
				STSESSTRK001A2B3C4D5 /* StudySessionTracker.swift in Sources */,
				FCTIMSRV001A2B3C4D5 /* FocusTimerService.swift in Sources */,
				OAUTHCRED001A2B3C4D5 /* OAuthCredentials.swift in Sources */,
				SECRETSWIFT001A2B3C4D5 /* Secrets.swift in Sources */,
				KEYCHAIN001A2B3C4D5 /* KeychainStore.swift in Sources */,
				PKCE0001A2B3C4D5E6F /* PKCE.swift in Sources */,
				GCALSVC001A2B3C4D5 /* GoogleCalendarService.swift in Sources */,
				FSB101A1B2C3D4E5F022468A /* FocusShortcutBridge.swift in Sources */,
				F194E37B475B78DA73FECAC4 /* CalendarMonitorService.swift in Sources */,
				2B531DBFBCF834B5DB23439C /* AirDropWatcher.swift in Sources */,
				75250397E0F027E097C0D517 /* ArtworkCache.swift in Sources */,
				94214AE0B58C2C5CB93DAD9B /* DictationRecorder.swift in Sources */,
				6BA86429B58B72596A0D672C /* DictationService.swift in Sources */,
				73CCADF6E5CEEFAE4AAA778A /* DictationOrchestrator.swift in Sources */,
				F488CEA3785F39685B330270 /* DictationPasteHelper.swift in Sources */,
				5128C779ABEA0A6B40B3701C /* DictationPillView.swift in Sources */,
				A6D71054CF33678CA76FFBF2 /* SystemAudioMuter.swift in Sources */,
				7D6E47C3ED69586885B190CC /* DictationRouter.swift in Sources */,
				21B320683C749872644B6B1A /* OnboardingView.swift in Sources */,
				CLNB1A2B3C4D5E6F70123456 /* CleanOnboardingView.swift in Sources */,
				197ACDAD565CEADD4DE5CA9D /* OnboardingWindow.swift in Sources */,
				7951DAC1A49DCD4A4DC661D5 /* AirDropService.swift in Sources */,
				F06587A5DD26C878D18483CE /* DropPickerView.swift in Sources */,
				20734AD228F94CD69FCC0C0E /* CelebrateIfRecent.swift in Sources */,
				B725B8563E4AD5E3CA0092AB /* EmptyDropState.swift in Sources */,
				CC0AB1B2C3D4E5F60123456A /* ClearConfirmOverlay.swift in Sources */,
				A9536CA4EE17C7CF54562EB9 /* MediaRemoteAdapterService.swift in Sources */,
				5499A9601CB963C14FB01FD9 /* LocalWhisperService.swift in Sources */,
				SECKEY00002A1B2C3D4E5F04 /* SecureKeyStore.swift in Sources */,
				6D25AA62E25D894370567DEB /* DictationVocabulary.swift in Sources */,
				865FAA6676E30446E9FA367E /* PillArtworkLayerView.swift in Sources */,
				4004F64D59BC545EC1120C31 /* SwipeGesturePolicy.swift in Sources */,
				98CC1D22A4E5FB7DCD046541 /* SoundEffectsService.swift in Sources */,
				F9810BE508DC97F818D9322E /* FocusGatingPolicy.swift in Sources */,
				DE9A96A9ECA06362DB290C26 /* NoxAnimations.swift in Sources */,
				1EECA97959A0C8077E2AAB25 /* ProgressiveBlurView.swift in Sources */,
				2346BB0C644C07845394E2BD /* LiquidGlassView.swift in Sources */,
			);
			runOnlyForDeploymentPostprocessing = 0;
		};
		F0B3DFD50B4478EB076E5AE3 /* Sources */ = {
			isa = PBXSourcesBuildPhase;
			buildActionMask = 2147483647;
			files = (
				2DBA51458A701FC6847E2501 /* ClipboardRouterTests.swift in Sources */,
				6BDA044D6CAD8855082E1541 /* ClipboardServiceTests.swift in Sources */,
				1AE947839F28E030B4FA584D /* DatabaseTests.swift in Sources */,
				6AC9A2A29ACC2D9E3FCF4D88 /* FileStoreTests.swift in Sources */,
				DC55240346ACAEEBF428B17E /* ImageOCRServiceTests.swift in Sources */,
				F29805610AF256CD93788038 /* ImageStoreTests.swift in Sources */,
				77B704A862EB57DA5E0711D0 /* NoteStoreTests.swift in Sources */,
				65BE75628A3DC39F43A16DCA /* NotetakerTests.swift in Sources */,
				9D6EDB2B2F294CBD9FA8ECFC /* PerformanceFrameStatsTests.swift in Sources */,
				SCRSHOT00A1B2C3D4E5F0003 /* ScreenshotPillPolicyTests.swift in Sources */,
				TIMPOLL00A1B2C3D4E5F0003 /* TimingPollPolicyTests.swift in Sources */,
				PILLMENU00A1B2C3D4E5F003 /* PillContextMenuPolicyTests.swift in Sources */,
				410D5B9026793F2904738A4B /* QuickPasteRouterTests.swift in Sources */,
				2392E7D0307561B283550D39 /* RetentionServiceTests.swift in Sources */,
				1C52CBB7DF2FD3BB973C7D95 /* URLExtractorTests.swift in Sources */,
				34B5998343653007912A518F /* DictationServiceTests.swift in Sources */,
				2376F54DE78018E8CEA6E216 /* SwipeGesturePolicyTests.swift in Sources */,
				4A7DC03EAA1CB3BBC44D59D0 /* SoundEffectsPolicyTests.swift in Sources */,
				74432ACA7B7175E5CBF6CEC0 /* FocusGatingPolicyTests.swift in Sources */,
			);
			runOnlyForDeploymentPostprocessing = 0;
		};
/* End PBXSourcesBuildPhase section */

/* Begin PBXTargetDependency section */
		64D947AE9A9506D4405C021E /* PBXTargetDependency */ = {
			isa = PBXTargetDependency;
			target = 382FEDDB566F8547F30173DD /* Notetaker */;
			targetProxy = 599DEB86B71CC865550D0785 /* PBXContainerItemProxy */;
		};
/* End PBXTargetDependency section */

/* Begin XCBuildConfiguration section */
		193579DCBE3FFDDE0FE94A6F /* Release */ = {
			isa = XCBuildConfiguration;
			buildSettings = {
				ASSETCATALOG_COMPILER_APPICON_NAME = AppIcon;
				ASSETCATALOG_COMPILER_GLOBAL_ACCENT_COLOR_NAME = AccentColor;
				COMBINE_HIDPI_IMAGES = YES;
				CURRENT_PROJECT_VERSION = 34;
				ENABLE_PREVIEWS = YES;
				INFOPLIST_FILE = Notetaker/Resources/Info.plist;
				LD_RUNPATH_SEARCH_PATHS = (
					"$(inherited)",
					"@executable_path/../Frameworks",
				);
				MARKETING_VERSION = 1.9.25;
				PRODUCT_BUNDLE_IDENTIFIER = app.trynox;
				PRODUCT_NAME = nox;
				SDKROOT = macosx;
				SWIFT_EMIT_LOC_STRINGS = YES;
			};
			name = Release;
		};
		23C49C098CBBA7EB904F4488 /* Debug */ = {
			isa = XCBuildConfiguration;
			buildSettings = {
				BUNDLE_LOADER = "$(TEST_HOST)";
				COMBINE_HIDPI_IMAGES = YES;
				GENERATE_INFOPLIST_FILE = YES;
				LD_RUNPATH_SEARCH_PATHS = (
					"$(inherited)",
					"@executable_path/../Frameworks",
					"@loader_path/../Frameworks",
				);
				PRODUCT_BUNDLE_IDENTIFIER = app.trynox.tests;
				SDKROOT = macosx;
				TEST_HOST = "$(BUILT_PRODUCTS_DIR)/nox.app/Contents/MacOS/nox";
			};
			name = Debug;
		};
		28D50F7CC640F77978236470 /* Debug */ = {
			isa = XCBuildConfiguration;
			buildSettings = {
				ASSETCATALOG_COMPILER_APPICON_NAME = AppIcon;
				ASSETCATALOG_COMPILER_GLOBAL_ACCENT_COLOR_NAME = AccentColor;
				COMBINE_HIDPI_IMAGES = YES;
				CURRENT_PROJECT_VERSION = 34;
				ENABLE_PREVIEWS = YES;
				INFOPLIST_FILE = Notetaker/Resources/Info.plist;
				LD_RUNPATH_SEARCH_PATHS = (
					"$(inherited)",
					"@executable_path/../Frameworks",
				);
				MARKETING_VERSION = 1.9.25;
				PRODUCT_BUNDLE_IDENTIFIER = app.trynox;
				PRODUCT_NAME = nox;
				SDKROOT = macosx;
				SWIFT_EMIT_LOC_STRINGS = YES;
			};
			name = Debug;
		};
		2B398292B36A6AD6687008DB /* Release */ = {
			isa = XCBuildConfiguration;
			buildSettings = {
				ALWAYS_SEARCH_USER_PATHS = NO;
				CLANG_ANALYZER_NONNULL = YES;
				CLANG_ANALYZER_NUMBER_OBJECT_CONVERSION = YES_AGGRESSIVE;
				CLANG_CXX_LANGUAGE_STANDARD = "gnu++14";
				CLANG_CXX_LIBRARY = "libc++";
				CLANG_ENABLE_MODULES = YES;
				CLANG_ENABLE_OBJC_ARC = YES;
				CLANG_ENABLE_OBJC_WEAK = YES;
				CLANG_WARN_BLOCK_CAPTURE_AUTORELEASING = YES;
				CLANG_WARN_BOOL_CONVERSION = YES;
				CLANG_WARN_COMMA = YES;
				CLANG_WARN_CONSTANT_CONVERSION = YES;
				CLANG_WARN_DEPRECATED_OBJC_IMPLEMENTATIONS = YES;
				CLANG_WARN_DIRECT_OBJC_ISA_USAGE = YES_ERROR;
				CLANG_WARN_DOCUMENTATION_COMMENTS = YES;
				CLANG_WARN_EMPTY_BODY = YES;
				CLANG_WARN_ENUM_CONVERSION = YES;
				CLANG_WARN_INFINITE_RECURSION = YES;
				CLANG_WARN_INT_CONVERSION = YES;
				CLANG_WARN_NON_LITERAL_NULL_CONVERSION = YES;
				CLANG_WARN_OBJC_IMPLICIT_RETAIN_SELF = YES;
				CLANG_WARN_OBJC_LITERAL_CONVERSION = YES;
				CLANG_WARN_OBJC_ROOT_CLASS = YES_ERROR;
				CLANG_WARN_QUOTED_INCLUDE_IN_FRAMEWORK_HEADER = YES;
				CLANG_WARN_RANGE_LOOP_ANALYSIS = YES;
				CLANG_WARN_STRICT_PROTOTYPES = YES;
				CLANG_WARN_SUSPICIOUS_MOVE = YES;
				CLANG_WARN_UNGUARDED_AVAILABILITY = YES_AGGRESSIVE;
				CLANG_WARN_UNREACHABLE_CODE = YES;
				CLANG_WARN__DUPLICATE_METHOD_MATCH = YES;
				CODE_SIGN_ENTITLEMENTS = Notetaker/Resources/nox.entitlements;
				CODE_SIGN_IDENTITY = "Developer ID Application";
				CODE_SIGN_STYLE = Manual;
				COPY_PHASE_STRIP = NO;
				DEBUG_INFORMATION_FORMAT = "dwarf-with-dsym";
				DEVELOPMENT_TEAM = RNY276VB6Q;
				ENABLE_HARDENED_RUNTIME = YES;
				ENABLE_NS_ASSERTIONS = NO;
				ENABLE_STRICT_OBJC_MSGSEND = YES;
				GCC_C_LANGUAGE_STANDARD = gnu11;
				GCC_NO_COMMON_BLOCKS = YES;
				GCC_WARN_64_TO_32_BIT_CONVERSION = YES;
				GCC_WARN_ABOUT_RETURN_TYPE = YES_ERROR;
				GCC_WARN_UNDECLARED_SELECTOR = YES;
				GCC_WARN_UNINITIALIZED_AUTOS = YES_AGGRESSIVE;
				GCC_WARN_UNUSED_FUNCTION = YES;
				GCC_WARN_UNUSED_VARIABLE = YES;
				MACOSX_DEPLOYMENT_TARGET = 13.0;
				MTL_ENABLE_DEBUG_INFO = NO;
				MTL_FAST_MATH = YES;
				PRODUCT_NAME = "$(TARGET_NAME)";
				SDKROOT = macosx;
				SWIFT_COMPILATION_MODE = wholemodule;
				SWIFT_OPTIMIZATION_LEVEL = "-O";
				SWIFT_VERSION = 5.9;
			};
			name = Release;
		};
		310DE71E2A225F21EDE62A29 /* Debug */ = {
			isa = XCBuildConfiguration;
			buildSettings = {
				ALWAYS_SEARCH_USER_PATHS = NO;
				CLANG_ANALYZER_NONNULL = YES;
				CLANG_ANALYZER_NUMBER_OBJECT_CONVERSION = YES_AGGRESSIVE;
				CLANG_CXX_LANGUAGE_STANDARD = "gnu++14";
				CLANG_CXX_LIBRARY = "libc++";
				CLANG_ENABLE_MODULES = YES;
				CLANG_ENABLE_OBJC_ARC = YES;
				CLANG_ENABLE_OBJC_WEAK = YES;
				CLANG_WARN_BLOCK_CAPTURE_AUTORELEASING = YES;
				CLANG_WARN_BOOL_CONVERSION = YES;
				CLANG_WARN_COMMA = YES;
				CLANG_WARN_CONSTANT_CONVERSION = YES;
				CLANG_WARN_DEPRECATED_OBJC_IMPLEMENTATIONS = YES;
				CLANG_WARN_DIRECT_OBJC_ISA_USAGE = YES_ERROR;
				CLANG_WARN_DOCUMENTATION_COMMENTS = YES;
				CLANG_WARN_EMPTY_BODY = YES;
				CLANG_WARN_ENUM_CONVERSION = YES;
				CLANG_WARN_INFINITE_RECURSION = YES;
				CLANG_WARN_INT_CONVERSION = YES;
				CLANG_WARN_NON_LITERAL_NULL_CONVERSION = YES;
				CLANG_WARN_OBJC_IMPLICIT_RETAIN_SELF = YES;
				CLANG_WARN_OBJC_LITERAL_CONVERSION = YES;
				CLANG_WARN_OBJC_ROOT_CLASS = YES_ERROR;
				CLANG_WARN_QUOTED_INCLUDE_IN_FRAMEWORK_HEADER = YES;
				CLANG_WARN_RANGE_LOOP_ANALYSIS = YES;
				CLANG_WARN_STRICT_PROTOTYPES = YES;
				CLANG_WARN_SUSPICIOUS_MOVE = YES;
				CLANG_WARN_UNGUARDED_AVAILABILITY = YES_AGGRESSIVE;
				CLANG_WARN_UNREACHABLE_CODE = YES;
				CLANG_WARN__DUPLICATE_METHOD_MATCH = YES;
				CODE_SIGN_ENTITLEMENTS = Notetaker/Resources/nox.entitlements;
				CODE_SIGN_IDENTITY = "Developer ID Application";
				CODE_SIGN_STYLE = Manual;
				COPY_PHASE_STRIP = NO;
				DEBUG_INFORMATION_FORMAT = dwarf;
				DEVELOPMENT_TEAM = RNY276VB6Q;
				ENABLE_HARDENED_RUNTIME = YES;
				ENABLE_STRICT_OBJC_MSGSEND = YES;
				ENABLE_TESTABILITY = YES;
				GCC_C_LANGUAGE_STANDARD = gnu11;
				GCC_DYNAMIC_NO_PIC = NO;
				GCC_NO_COMMON_BLOCKS = YES;
				GCC_OPTIMIZATION_LEVEL = 0;
				GCC_PREPROCESSOR_DEFINITIONS = (
					"$(inherited)",
					"DEBUG=1",
				);
				GCC_WARN_64_TO_32_BIT_CONVERSION = YES;
				GCC_WARN_ABOUT_RETURN_TYPE = YES_ERROR;
				GCC_WARN_UNDECLARED_SELECTOR = YES;
				GCC_WARN_UNINITIALIZED_AUTOS = YES_AGGRESSIVE;
				GCC_WARN_UNUSED_FUNCTION = YES;
				GCC_WARN_UNUSED_VARIABLE = YES;
				MACOSX_DEPLOYMENT_TARGET = 13.0;
				MTL_ENABLE_DEBUG_INFO = INCLUDE_SOURCE;
				MTL_FAST_MATH = YES;
				ONLY_ACTIVE_ARCH = YES;
				PRODUCT_NAME = "$(TARGET_NAME)";
				SDKROOT = macosx;
				SWIFT_ACTIVE_COMPILATION_CONDITIONS = DEBUG;
				SWIFT_OPTIMIZATION_LEVEL = "-Onone";
				SWIFT_VERSION = 5.9;
			};
			name = Debug;
		};
		3CCC7072923C05A560F80309 /* Release */ = {
			isa = XCBuildConfiguration;
			buildSettings = {
				BUNDLE_LOADER = "$(TEST_HOST)";
				COMBINE_HIDPI_IMAGES = YES;
				GENERATE_INFOPLIST_FILE = YES;
				LD_RUNPATH_SEARCH_PATHS = (
					"$(inherited)",
					"@executable_path/../Frameworks",
					"@loader_path/../Frameworks",
				);
				PRODUCT_BUNDLE_IDENTIFIER = app.trynox.tests;
				SDKROOT = macosx;
				TEST_HOST = "$(BUILT_PRODUCTS_DIR)/nox.app/Contents/MacOS/nox";
			};
			name = Release;
		};
/* End XCBuildConfiguration section */

/* Begin XCConfigurationList section */
		10CC97B0792E3C1EA536A536 /* Build configuration list for PBXNativeTarget "Notetaker" */ = {
			isa = XCConfigurationList;
			buildConfigurations = (
				28D50F7CC640F77978236470 /* Debug */,
				193579DCBE3FFDDE0FE94A6F /* Release */,
			);
			defaultConfigurationIsVisible = 0;
			defaultConfigurationName = Debug;
		};
		724762323B08E430ADD112C9 /* Build configuration list for PBXProject "Notetaker" */ = {
			isa = XCConfigurationList;
			buildConfigurations = (
				310DE71E2A225F21EDE62A29 /* Debug */,
				2B398292B36A6AD6687008DB /* Release */,
			);
			defaultConfigurationIsVisible = 0;
			defaultConfigurationName = Debug;
		};
		F2360B7CBE8F518212D1BA16 /* Build configuration list for PBXNativeTarget "NotetakerTests" */ = {
			isa = XCConfigurationList;
			buildConfigurations = (
				23C49C098CBBA7EB904F4488 /* Debug */,
				3CCC7072923C05A560F80309 /* Release */,
			);
			defaultConfigurationIsVisible = 0;
			defaultConfigurationName = Debug;
		};
/* End XCConfigurationList section */

/* Begin XCRemoteSwiftPackageReference section */
		004C76D09C86DAB302BD4279 /* XCRemoteSwiftPackageReference "GRDB.swift" */ = {
			isa = XCRemoteSwiftPackageReference;
			repositoryURL = "https://github.com/groue/GRDB.swift";
			requirement = {
				kind = upToNextMajorVersion;
				minimumVersion = 6.29.0;
			};
		};
		07B7421E8D8C1F3EFCF305E1 /* XCRemoteSwiftPackageReference "HotKey" */ = {
			isa = XCRemoteSwiftPackageReference;
			repositoryURL = "https://github.com/soffes/HotKey";
			requirement = {
				kind = upToNextMajorVersion;
				minimumVersion = 0.2.0;
			};
		};
		5A21EE0003AABB003AABB003 /* XCRemoteSwiftPackageReference "Sparkle" */ = {
			isa = XCRemoteSwiftPackageReference;
			repositoryURL = "https://github.com/sparkle-project/Sparkle";
			requirement = {
				kind = upToNextMajorVersion;
				minimumVersion = 2.9.0;
			};
		};
		886C59FFFE241691F87D5950 /* XCRemoteSwiftPackageReference "WhisperKit" */ = {
			isa = XCRemoteSwiftPackageReference;
			repositoryURL = "https://github.com/argmaxinc/WhisperKit";
			requirement = {
				kind = upToNextMajorVersion;
				minimumVersion = 0.9.0;
			};
		};
		WAVE0003A1B2C3D4E0003CCC /* XCRemoteSwiftPackageReference "Wave" */ = {
			isa = XCRemoteSwiftPackageReference;
			repositoryURL = "https://github.com/jtrivedi/Wave";
			requirement = {
				kind = upToNextMinorVersion;
				minimumVersion = 0.3.0;
			};
		};
/* End XCRemoteSwiftPackageReference section */

/* Begin XCSwiftPackageProductDependency section */
		17C000E0AB2B8576CD22086B /* GRDB */ = {
			isa = XCSwiftPackageProductDependency;
			package = 004C76D09C86DAB302BD4279 /* XCRemoteSwiftPackageReference "GRDB.swift" */;
			productName = GRDB;
		};
		325189C692EF7A0950D7EB97 /* WhisperKit */ = {
			isa = XCSwiftPackageProductDependency;
			package = 886C59FFFE241691F87D5950 /* XCRemoteSwiftPackageReference "WhisperKit" */;
			productName = WhisperKit;
		};
		5A21EE0002AABB002AABB002 /* Sparkle */ = {
			isa = XCSwiftPackageProductDependency;
			package = 5A21EE0003AABB003AABB003 /* XCRemoteSwiftPackageReference "Sparkle" */;
			productName = Sparkle;
		};
		C16A2E7CC8B24487D4795D88 /* HotKey */ = {
			isa = XCSwiftPackageProductDependency;
			package = 07B7421E8D8C1F3EFCF305E1 /* XCRemoteSwiftPackageReference "HotKey" */;
			productName = HotKey;
		};
		WAVE0002A1B2C3D4E0002BBB /* Wave */ = {
			isa = XCSwiftPackageProductDependency;
			package = WAVE0003A1B2C3D4E0003CCC /* XCRemoteSwiftPackageReference "Wave" */;
			productName = Wave;
		};
/* End XCSwiftPackageProductDependency section */
	};
	rootObject = F05CDF2331B9BAC5FEDB68B6 /* Project object */;
}
